
Microsoft Visual Studio Solution File, Format Version 9.00
# Visual Studio 2005
Project("{FAE04EC0-301F-11D3-BF4B-00C04F79EFBC}") = "Dvtk.Dicom.StructuredReporting", "Dvtk.Dicom.StructuredReporting.csproj", "{3B6E5E6A-4FF6-4E67-A509-31E9715B8A4A}"
EndProject
Project("{FAE04EC0-301F-11D3-BF4B-00C04F79EFBC}") = "Dvtk.Ucum", "..\Dvtk.Ucum\Dvtk.Ucum.csproj", "{2EC10ACD-AC1E-433A-B896-23F82DEDCBC8}"
EndProject
Project("{FAE04EC0-301F-11D3-BF4B-00C04F79EFBC}") = "DVTk Data", "..\Assemblies\DVTk Data\DVTk Data.csproj", "{7DF60C20-4034-49CC-9974-B8443A2BC192}"
EndProject
Project("{FAE04EC0-301F-11D3-BF4B-00C04F79EFBC}") = "DVTk High Level Interface", "..\Assemblies\DVTk High Level Interface\DVTk High Level Interface.csproj", "{4B34D6B9-D185-4742-A204-70C490500754}"
EndProject
Global
	GlobalSection(SolutionConfigurationPlatforms) = preSolution
		Debug|Any CPU = Debug|Any CPU
		Debug|x86 = Debug|x86
		Release|Any CPU = Release|Any CPU
		Release|x86 = Release|x86
	EndGlobalSection
	GlobalSection(ProjectConfigurationPlatforms) = postSolution
		{3B6E5E6A-4FF6-4E67-A509-31E9715B8A4A}.Debug|Any CPU.ActiveCfg = Debug|x86
		{3B6E5E6A-4FF6-4E67-A509-31E9715B8A4A}.Debug|x86.ActiveCfg = Debug|x86
		{3B6E5E6A-4FF6-4E67-A509-31E9715B8A4A}.Debug|x86.Build.0 = Debug|x86
		{3B6E5E6A-4FF6-4E67-A509-31E9715B8A4A}.Release|Any CPU.ActiveCfg = Release|x86
		{3B6E5E6A-4FF6-4E67-A509-31E9715B8A4A}.Release|x86.ActiveCfg = Release|x86
		{3B6E5E6A-4FF6-4E67-A509-31E9715B8A4A}.Release|x86.Build.0 = Release|x86
		{2EC10ACD-AC1E-433A-B896-23F82DEDCBC8}.Debug|Any CPU.ActiveCfg = Debug|x86
		{2EC10ACD-AC1E-433A-B896-23F82DEDCBC8}.Debug|x86.ActiveCfg = Debug|x86
		{2EC10ACD-AC1E-433A-B896-23F82DEDCBC8}.Debug|x86.Build.0 = Debug|x86
		{2EC10ACD-AC1E-433A-B896-23F82DEDCBC8}.Release|Any CPU.ActiveCfg = Release|x86
		{2EC10ACD-AC1E-433A-B896-23F82DEDCBC8}.Release|x86.ActiveCfg = Release|x86
		{2EC10ACD-AC1E-433A-B896-23F82DEDCBC8}.Release|x86.Build.0 = Release|x86
		{7DF60C20-4034-49CC-9974-B8443A2BC192}.Debug|Any CPU.ActiveCfg = Debug|Any CPU
		{7DF60C20-4034-49CC-9974-B8443A2BC192}.Debug|Any CPU.Build.0 = Debug|Any CPU
		{7DF60C20-4034-49CC-9974-B8443A2BC192}.Debug|x86.ActiveCfg = Debug|x86
		{7DF60C20-4034-49CC-9974-B8443A2BC192}.Debug|x86.Build.0 = Debug|x86
		{7DF60C20-4034-49CC-9974-B8443A2BC192}.Release|Any CPU.ActiveCfg = Release|Any CPU
		{7DF60C20-4034-49CC-9974-B8443A2BC192}.Release|Any CPU.Build.0 = Release|Any CPU
		{7DF60C20-4034-49CC-9974-B8443A2BC192}.Release|x86.ActiveCfg = Release|x86
		{7DF60C20-4034-49CC-9974-B8443A2BC192}.Release|x86.Build.0 = Release|x86
		{4B34D6B9-D185-4742-A204-70C490500754}.Debug|Any CPU.ActiveCfg = Debug|Any CPU
		{4B34D6B9-D185-4742-A204-70C490500754}.Debug|Any CPU.Build.0 = Debug|Any CPU
		{4B34D6B9-D185-4742-A204-70C490500754}.Debug|x86.ActiveCfg = Debug|x86
		{4B34D6B9-D185-4742-A204-70C490500754}.Debug|x86.Build.0 = Debug|x86
		{4B34D6B9-D185-4742-A204-70C490500754}.Release|Any CPU.ActiveCfg = Release|Any CPU
		{4B34D6B9-D185-4742-A204-70C490500754}.Release|Any CPU.Build.0 = Release|Any CPU
		{4B34D6B9-D185-4742-A204-70C490500754}.Release|x86.ActiveCfg = Release|x86
		{4B34D6B9-D185-4742-A204-70C490500754}.Release|x86.Build.0 = Release|x86
	EndGlobalSection
	GlobalSection(SolutionProperties) = preSolution
		HideSolutionNode = FALSE
	EndGlobalSection
EndGlobal
