
Microsoft Visual Studio Solution File, Format Version 12.00
# Visual Studio Version 17
VisualStudioVersion = 17.4.33205.214
MinimumVisualStudioVersion = 10.0.40219.1
Project("{2150E333-8FDC-42A3-9474-1A3956D46DE8}") = "DVT", "DVT", "{33DC9133-C9C8-47F5-A955-F459DA637DB1}"
EndProject
Project("{2150E333-8FDC-42A3-9474-1A3956D46DE8}") = "DVTk_Library", "DVTk_Library", "{71989052-2703-4CEC-9339-648DA315C8C5}"
EndProject
Project("{2150E333-8FDC-42A3-9474-1A3956D46DE8}") = "Assemblies", "Assemblies", "{D1A7A60C-C91A-4C12-8950-C62C54C677B9}"
EndProject
Project("{2150E333-8FDC-42A3-9474-1A3956D46DE8}") = "Libraries", "Libraries", "{F6C24424-CFEF-4FE9-B84C-55E190D5FDB7}"
EndProject
Project("{FAE04EC0-301F-11D3-BF4B-00C04F79EFBC}") = "Dvtk.Dicom", "DVTk_Library\Dvtk.Dicom\Dvtk.Dicom.csproj", "{32F2EFFC-2A77-4DEF-B8DE-8E0D44B0E58E}"
EndProject
Project("{FAE04EC0-301F-11D3-BF4B-00C04F79EFBC}") = "Dvtk.Dicom.AttributeLayer", "DVTk_Library\Dvtk.Dicom.AttributeLayer\Dvtk.Dicom.AttributeLayer.csproj", "{5EF4A686-FF33-4572-AD93-9C2D4C2A602E}"
EndProject
Project("{FAE04EC0-301F-11D3-BF4B-00C04F79EFBC}") = "Dvtk.Dicom.AttributeLayer.Specification", "DVTk_Library\Dvtk.Dicom.AttributeLayer.Specification\Dvtk.Dicom.AttributeLayer.Specification.csproj", "{07BE1F28-86FF-4FE8-B682-41A33349F1BB}"
EndProject
Project("{FAE04EC0-301F-11D3-BF4B-00C04F79EFBC}") = "Dvtk.Dicom.AttributeLayer.Validation", "DVTk_Library\Dvtk.Dicom.AttributeLayer.Validation\Dvtk.Dicom.AttributeLayer.Validation.csproj", "{CB06D5EC-D1FC-43D6-A9BE-39E0E0A30E13}"
EndProject
Project("{FAE04EC0-301F-11D3-BF4B-00C04F79EFBC}") = "Dvtk.Dicom.Conversion", "DVTk_Library\Dvtk.Dicom.Conversion\Dvtk.Dicom.Conversion.csproj", "{E4AC2AE9-2145-4810-A163-2470412B1F8A}"
EndProject
Project("{FAE04EC0-301F-11D3-BF4B-00C04F79EFBC}") = "Dvtk.Xml", "DVTk_Library\Dvtk.Xml\Dvtk.Xml.csproj", "{ECDDDDCB-F8B1-4E8C-9C77-0336632E656F}"
EndProject
Project("{FAE04EC0-301F-11D3-BF4B-00C04F79EFBC}") = "DVTk", "DVTk_Library\Assemblies\DVTk\DVTk.csproj", "{DBC39A1E-18CB-4809-81E0-47B1C899BBE0}"
EndProject
Project("{FAE04EC0-301F-11D3-BF4B-00C04F79EFBC}") = "DVTk Application Layer", "DVTk_Library\Assemblies\DVTk Application Layer\DVTk Application Layer.csproj", "{6C70CAF0-D330-4F52-B6CE-71C70DC1600F}"
	ProjectSection(ProjectDependencies) = postProject
		{D8170A29-9F92-4B3C-8A67-F93704653E8C} = {D8170A29-9F92-4B3C-8A67-F93704653E8C}
	EndProjectSection
EndProject
Project("{FAE04EC0-301F-11D3-BF4B-00C04F79EFBC}") = "DVTk Common Data Format", "DVTk_Library\Assemblies\DVTk Common Data Format\DVTk Common Data Format.csproj", "{38F9E2D9-BDA9-4D32-95FD-B779B03C32BD}"
EndProject
Project("{FAE04EC0-301F-11D3-BF4B-00C04F79EFBC}") = "DVTk Comparator", "DVTk_Library\Assemblies\DVTk Comparator\DVTk Comparator.csproj", "{BE98BF56-A84E-43A4-847F-2AA3E551ADDD}"
EndProject
Project("{FAE04EC0-301F-11D3-BF4B-00C04F79EFBC}") = "DVTk Data", "DVTk_Library\Assemblies\DVTk Data\DVTk Data.csproj", "{7DF60C20-4034-49CC-9974-B8443A2BC192}"
	ProjectSection(ProjectDependencies) = postProject
		{DB46B436-C9F8-445A-A820-FCDBF2BD7079} = {DB46B436-C9F8-445A-A820-FCDBF2BD7079}
		{0A055C47-2A70-4845-968E-EB5E64DECA2D} = {0A055C47-2A70-4845-968E-EB5E64DECA2D}
		{B715244C-8258-46D6-B37E-1B85510FCB72} = {B715244C-8258-46D6-B37E-1B85510FCB72}
		{A113B569-82A2-4B52-B60A-4797D12D6FBD} = {A113B569-82A2-4B52-B60A-4797D12D6FBD}
		{D3340271-CCBC-428A-B417-4C92F3ED907B} = {D3340271-CCBC-428A-B417-4C92F3ED907B}
		{AC685071-AAEA-4DBF-9E09-E648F49F8F5B} = {AC685071-AAEA-4DBF-9E09-E648F49F8F5B}
		{33D7A88E-00EB-4149-8233-26CFFC6987E1} = {33D7A88E-00EB-4149-8233-26CFFC6987E1}
		{58A5B797-F08B-4837-96CF-FFBDB7CB3F02} = {58A5B797-F08B-4837-96CF-FFBDB7CB3F02}
		{56D4BCA8-6C2A-4D84-803D-E11FFA8DA9BE} = {56D4BCA8-6C2A-4D84-803D-E11FFA8DA9BE}
		{DADE89C9-2D7F-4582-BF44-FA656E9E556D} = {DADE89C9-2D7F-4582-BF44-FA656E9E556D}
		{9B01E6D4-F4BD-4CAC-94C7-76037DF6634A} = {9B01E6D4-F4BD-4CAC-94C7-76037DF6634A}
		{A7855BD5-03C1-4711-9F44-81D94A4F0F5C} = {A7855BD5-03C1-4711-9F44-81D94A4F0F5C}
		{C4CBABF1-059C-41CC-B97B-1E046FDE9FED} = {C4CBABF1-059C-41CC-B97B-1E046FDE9FED}
		{FE81B2F3-B574-46AB-A109-8B5A169450C2} = {FE81B2F3-B574-46AB-A109-8B5A169450C2}
	EndProjectSection
EndProject
Project("{FAE04EC0-301F-11D3-BF4B-00C04F79EFBC}") = "DVTk Definition Query Library", "DVTk_Library\Assemblies\DVTk Definition Query Library\DVTk Definition Query Library.csproj", "{9285FC6B-9F08-4BCA-85BC-681D22BF22D3}"
EndProject
Project("{FAE04EC0-301F-11D3-BF4B-00C04F79EFBC}") = "DVTk Dicom Emulators", "DVTk_Library\Assemblies\DVTk Dicom Emulators\DVTk Dicom Emulators.csproj", "{397501B2-4AE8-4EDA-84BF-905417497B2F}"
EndProject
Project("{FAE04EC0-301F-11D3-BF4B-00C04F79EFBC}") = "DVTk Dicom Unicode Conversion", "DVTk_Library\Assemblies\DVTk Dicom Unicode Conversion\DVTk Dicom Unicode Conversion.csproj", "{7EB8141D-851B-478A-9950-D04C96008DC0}"
EndProject
Project("{FAE04EC0-301F-11D3-BF4B-00C04F79EFBC}") = "DVTk High Level Interface", "DVTk_Library\Assemblies\DVTk High Level Interface\DVTk High Level Interface.csproj", "{4B34D6B9-D185-4742-A204-70C490500754}"
EndProject
Project("{FAE04EC0-301F-11D3-BF4B-00C04F79EFBC}") = "DVTk Hl7", "DVTk_Library\Assemblies\DVTk Hl7\DVTk Hl7.csproj", "{6AA55771-980C-45ED-9CCB-59C83C25815B}"
EndProject
Project("{FAE04EC0-301F-11D3-BF4B-00C04F79EFBC}") = "DVTk Ihe Actors", "DVTk_Library\Assemblies\DVTk Ihe Actors\DVTk Ihe Actors.csproj", "{DEDC169F-3FC4-4189-B9F0-169C8DEBC11A}"
EndProject
Project("{FAE04EC0-301F-11D3-BF4B-00C04F79EFBC}") = "DVTk Information Entity", "DVTk_Library\Assemblies\DVTk Information Entity\DVTk Information Entity.csproj", "{36BB69F0-A963-49D9-8626-E88A02FE0141}"
EndProject
Project("{FAE04EC0-301F-11D3-BF4B-00C04F79EFBC}") = "DVTk Script Support", "DVTk_Library\Assemblies\DVTk Script Support\DVTk Script Support.csproj", "{D8170A29-9F92-4B3C-8A67-F93704653E8C}"
EndProject
Project("{FAE04EC0-301F-11D3-BF4B-00C04F79EFBC}") = "DVTk Test Assertion", "DVTk_Library\Assemblies\DVTk Test Assertion\DVTk Test Assertion.csproj", "{B8B68E26-257C-4968-B97C-1939CC1BE7CB}"
EndProject
Project("{8BC9CEB8-8B4A-11D0-8D11-00A0C91BC942}") = "DVTKManagedCodeAdapter", "DVTk_Library\Assemblies\DVTkManagedCodeAdapter\DVTkManagedCodeAdapter.vcxproj", "{8E50A389-C478-4013-817D-8191C994B602}"
	ProjectSection(ProjectDependencies) = postProject
		{7DF60C20-4034-49CC-9974-B8443A2BC192} = {7DF60C20-4034-49CC-9974-B8443A2BC192}
	EndProjectSection
EndProject
Project("{8BC9CEB8-8B4A-11D0-8D11-00A0C91BC942}") = "Attribute Group", "DVTk_Library\Libraries\AttributeGroup\AttributeGroup.vcxproj", "{58A5B797-F08B-4837-96CF-FFBDB7CB3F02}"
EndProject
Project("{8BC9CEB8-8B4A-11D0-8D11-00A0C91BC942}") = "Condition", "DVTk_Library\Libraries\Condition\Condition.vcxproj", "{A7855BD5-03C1-4711-9F44-81D94A4F0F5C}"
EndProject
Project("{8BC9CEB8-8B4A-11D0-8D11-00A0C91BC942}") = "Definition", "DVTk_Library\Libraries\Definition\Definition.vcxproj", "{DADE89C9-2D7F-4582-BF44-FA656E9E556D}"
EndProject
Project("{8BC9CEB8-8B4A-11D0-8D11-00A0C91BC942}") = "Dicom", "DVTk_Library\Libraries\Dicom\Dicom.vcxproj", "{FE81B2F3-B574-46AB-A109-8B5A169450C2}"
EndProject
Project("{8BC9CEB8-8B4A-11D0-8D11-00A0C91BC942}") = "Emulator", "DVTk_Library\Libraries\Emulator\Emulator.vcxproj", "{56D4BCA8-6C2A-4D84-803D-E11FFA8DA9BE}"
EndProject
Project("{8BC9CEB8-8B4A-11D0-8D11-00A0C91BC942}") = "Log", "DVTk_Library\Libraries\Log\Log.vcxproj", "{B715244C-8258-46D6-B37E-1B85510FCB72}"
EndProject
Project("{8BC9CEB8-8B4A-11D0-8D11-00A0C91BC942}") = "Media", "DVTk_Library\Libraries\Media\Media.vcxproj", "{A113B569-82A2-4B52-B60A-4797D12D6FBD}"
EndProject
Project("{8BC9CEB8-8B4A-11D0-8D11-00A0C91BC942}") = "Network", "DVTk_Library\Libraries\Network\Network.vcxproj", "{D3340271-CCBC-428A-B417-4C92F3ED907B}"
EndProject
Project("{8BC9CEB8-8B4A-11D0-8D11-00A0C91BC942}") = "Relation", "DVTk_Library\Libraries\Relation\Relation.vcxproj", "{AC685071-AAEA-4DBF-9E09-E648F49F8F5B}"
EndProject
Project("{8BC9CEB8-8B4A-11D0-8D11-00A0C91BC942}") = "Scripting", "DVTk_Library\Libraries\Scripting\Scripting.vcxproj", "{9B01E6D4-F4BD-4CAC-94C7-76037DF6634A}"
EndProject
Project("{8BC9CEB8-8B4A-11D0-8D11-00A0C91BC942}") = "Session", "DVTk_Library\Libraries\Session\Session.vcxproj", "{C4CBABF1-059C-41CC-B97B-1E046FDE9FED}"
EndProject
Project("{8BC9CEB8-8B4A-11D0-8D11-00A0C91BC942}") = "Utility", "DVTk_Library\Libraries\Utility\Utility.vcxproj", "{33D7A88E-00EB-4149-8233-26CFFC6987E1}"
EndProject
Project("{8BC9CEB8-8B4A-11D0-8D11-00A0C91BC942}") = "Validation", "DVTk_Library\Libraries\Validation\Validation.vcxproj", "{DB46B436-C9F8-445A-A820-FCDBF2BD7079}"
EndProject
Project("{8BC9CEB8-8B4A-11D0-8D11-00A0C91BC942}") = "Warehouse", "DVTk_Library\Libraries\Warehouse\Warehouse.vcxproj", "{0A055C47-2A70-4845-968E-EB5E64DECA2D}"
EndProject
Project("{FAE04EC0-301F-11D3-BF4B-00C04F79EFBC}") = "DVT Command Line", "DVT\DVT Command Line.csproj", "{8D52161A-1B29-4400-8D38-EE2FDA344552}"
EndProject
Project("{FAE04EC0-301F-11D3-BF4B-00C04F79EFBC}") = "DVT Common", "DVT\DVT Common.csproj", "{ED78A4EA-F738-46A0-8B08-1C14C032DBB6}"
EndProject
Project("{FAE04EC0-301F-11D3-BF4B-00C04F79EFBC}") = "DVT Setup Helper", "DVT\DVT Setup Helper.csproj", "{9FE5FD99-6000-48DA-8377-F56C2983C0DF}"
EndProject
Project("{FAE04EC0-301F-11D3-BF4B-00C04F79EFBC}") = "DVT", "DVT\DVT.csproj", "{8FA290A2-E942-439B-BEF6-19E46091612F}"
EndProject
Project("{FAE04EC0-301F-11D3-BF4B-00C04F79EFBC}") = "DICOM Editor", "DICOM Editor\DICOM Editor.csproj", "{A32952BD-837D-4710-A488-B495BFBEE297}"
EndProject
Project("{FAE04EC0-301F-11D3-BF4B-00C04F79EFBC}") = "DICOM Compare", "DICOM_Compare\DICOM Compare.csproj", "{D799C70B-4AF2-4DCA-A0A0-5C68FBC6CCE2}"
EndProject
Project("{FAE04EC0-301F-11D3-BF4B-00C04F79EFBC}") = "DICOM Network Analyzer", "DICOM_Network_Analyzer\DICOM Network Analyzer.csproj", "{EBCDD12E-4CDE-4DE7-BDA9-B41392F4AF12}"
EndProject
Project("{FAE04EC0-301F-11D3-BF4B-00C04F79EFBC}") = "Query Retrieve SCP Emulator", "Query_Retrieve_SCP_Emulator\Query Retrieve SCP Emulator.csproj", "{585D3AAA-8FE2-46DD-B396-A518AF9DA7D4}"
EndProject
Project("{FAE04EC0-301F-11D3-BF4B-00C04F79EFBC}") = "Query Retrieve SCU Emulator", "Query_Retrieve_SCU_Emulator\Query Retrieve SCU Emulator.csproj", "{B49F102D-A908-4C70-B90B-4D39389F367C}"
EndProject
Project("{FAE04EC0-301F-11D3-BF4B-00C04F79EFBC}") = "RIS Emulator", "RIS_Emulator\RIS Emulator.csproj", "{AC08D4ED-46C2-491A-AFB6-6F56B21D3220}"
EndProject
Project("{FAE04EC0-301F-11D3-BF4B-00C04F79EFBC}") = "Storage SCP Emulator", "Storage_SCP_Emulator\Storage SCP Emulator.csproj", "{C0523A72-EF82-4CB9-A4FD-51CBF764C95D}"
EndProject
Project("{FAE04EC0-301F-11D3-BF4B-00C04F79EFBC}") = "Storage SCU Emulator", "Storage_SCU_Emulator\Storage SCU Emulator.csproj", "{431BB8A2-80C8-4C5A-81C4-A51BBCF852DA}"
EndProject
Project("{2150E333-8FDC-42A3-9474-1A3956D46DE8}") = "Setups", "Setups", "{AC7FF22C-49BD-41A9-A80C-DA553800E6DE}"
EndProject
Project("{54435603-DBB4-11D2-8724-00A0C9A8B90C}") = "DICOM Editor Setup", "DICOM Editor\DICOM Editor Setup.vdproj", "{7ADD6E53-9C3F-4103-B88F-135E3A6061C4}"
EndProject
Project("{54435603-DBB4-11D2-8724-00A0C9A8B90C}") = "DICOM Compare Setup", "DICOM_Compare\DICOM Compare Setup.vdproj", "{FE34303A-8318-4DF0-ADB3-1B8DA660BBBD}"
EndProject
Project("{54435603-DBB4-11D2-8724-00A0C9A8B90C}") = "DICOM Network Analyzer Setup", "DICOM_Network_Analyzer\DICOM Network Analyzer Setup.vdproj", "{6E86B65B-C080-4FAA-89DD-B450A789BC5A}"
EndProject
Project("{54435603-DBB4-11D2-8724-00A0C9A8B90C}") = "Query Retrieve SCP Emulator Setup", "Query_Retrieve_SCP_Emulator\Query Retrieve SCP Emulator Setup.vdproj", "{172D070F-EA2C-430D-B703-9443B2F51383}"
EndProject
Project("{54435603-DBB4-11D2-8724-00A0C9A8B90C}") = "Query Retrieve SCU Emulator Setup", "Query_Retrieve_SCU_Emulator\Query Retrieve SCU Emulator Setup.vdproj", "{1027A030-8747-455B-95E3-42746BEAB3EB}"
EndProject
Project("{54435603-DBB4-11D2-8724-00A0C9A8B90C}") = "RIS Emulator Setup", "RIS_Emulator\RIS Emulator Setup.vdproj", "{B6A3AA39-39EE-4959-96BE-D1597B3BFB04}"
EndProject
Project("{54435603-DBB4-11D2-8724-00A0C9A8B90C}") = "Storage SCP Emulator Setup", "Storage_SCP_Emulator\Storage SCP Emulator Setup.vdproj", "{742DA472-4978-4493-81C7-E8DC0923F8F1}"
EndProject
Project("{54435603-DBB4-11D2-8724-00A0C9A8B90C}") = "Storage SCU Emulator Setup", "Storage_SCU_Emulator\Storage SCU Emulator Setup.vdproj", "{3989516E-2245-445B-B8CC-0B4EF9A1AF76}"
EndProject
Project("{54435603-DBB4-11D2-8724-00A0C9A8B90C}") = "DVT Examples Setup", "DVT\DVT Examples Setup.vdproj", "{6CADDE91-D555-4B9A-A305-8AC92FCE51CB}"
EndProject
Project("{54435603-DBB4-11D2-8724-00A0C9A8B90C}") = "DVT Setup", "DVT\DVT Setup.vdproj", "{FF6CCBF7-B7F3-4987-99B3-12BEE25C750C}"
EndProject
Project("{FAE04EC0-301F-11D3-BF4B-00C04F79EFBC}") = "DVTk High Level Interface - NUnit Tests", "DVTk_Library\Assemblies\DVTk High Level Interface\NUnit Tests\DVTk High Level Interface - NUnit Tests.csproj", "{226921D5-F9C5-4441-A92D-495D296685FA}"
EndProject
Project("{54435603-DBB4-11D2-8724-00A0C9A8B90C}") = "Definition Files Setup", "Definitions\Definition Files Setup\Definition Files Setup.vdproj", "{5474A6C3-8C93-77A3-06EB-AC23114CBE00}"
EndProject
Global
	GlobalSection(SolutionConfigurationPlatforms) = preSolution
		Debug|Any CPU = Debug|Any CPU
		Debug|x86 = Debug|x86
		Release|Any CPU = Release|Any CPU
		Release|x86 = Release|x86
	EndGlobalSection
	GlobalSection(ProjectConfigurationPlatforms) = postSolution
		{32F2EFFC-2A77-4DEF-B8DE-8E0D44B0E58E}.Debug|Any CPU.ActiveCfg = Debug|Any CPU
		{32F2EFFC-2A77-4DEF-B8DE-8E0D44B0E58E}.Debug|Any CPU.Build.0 = Debug|Any CPU
		{32F2EFFC-2A77-4DEF-B8DE-8E0D44B0E58E}.Debug|x86.ActiveCfg = Debug|Any CPU
		{32F2EFFC-2A77-4DEF-B8DE-8E0D44B0E58E}.Debug|x86.Build.0 = Debug|Any CPU
		{32F2EFFC-2A77-4DEF-B8DE-8E0D44B0E58E}.Release|Any CPU.ActiveCfg = Release|Any CPU
		{32F2EFFC-2A77-4DEF-B8DE-8E0D44B0E58E}.Release|Any CPU.Build.0 = Release|Any CPU
		{32F2EFFC-2A77-4DEF-B8DE-8E0D44B0E58E}.Release|x86.ActiveCfg = Release|Any CPU
		{32F2EFFC-2A77-4DEF-B8DE-8E0D44B0E58E}.Release|x86.Build.0 = Release|Any CPU
		{5EF4A686-FF33-4572-AD93-9C2D4C2A602E}.Debug|Any CPU.ActiveCfg = Debug|Any CPU
		{5EF4A686-FF33-4572-AD93-9C2D4C2A602E}.Debug|Any CPU.Build.0 = Debug|Any CPU
		{5EF4A686-FF33-4572-AD93-9C2D4C2A602E}.Debug|x86.ActiveCfg = Debug|Any CPU
		{5EF4A686-FF33-4572-AD93-9C2D4C2A602E}.Debug|x86.Build.0 = Debug|Any CPU
		{5EF4A686-FF33-4572-AD93-9C2D4C2A602E}.Release|Any CPU.ActiveCfg = Release|Any CPU
		{5EF4A686-FF33-4572-AD93-9C2D4C2A602E}.Release|Any CPU.Build.0 = Release|Any CPU
		{5EF4A686-FF33-4572-AD93-9C2D4C2A602E}.Release|x86.ActiveCfg = Release|Any CPU
		{5EF4A686-FF33-4572-AD93-9C2D4C2A602E}.Release|x86.Build.0 = Release|Any CPU
		{07BE1F28-86FF-4FE8-B682-41A33349F1BB}.Debug|Any CPU.ActiveCfg = Debug|Any CPU
		{07BE1F28-86FF-4FE8-B682-41A33349F1BB}.Debug|Any CPU.Build.0 = Debug|Any CPU
		{07BE1F28-86FF-4FE8-B682-41A33349F1BB}.Debug|x86.ActiveCfg = Debug|Any CPU
		{07BE1F28-86FF-4FE8-B682-41A33349F1BB}.Debug|x86.Build.0 = Debug|Any CPU
		{07BE1F28-86FF-4FE8-B682-41A33349F1BB}.Release|Any CPU.ActiveCfg = Release|Any CPU
		{07BE1F28-86FF-4FE8-B682-41A33349F1BB}.Release|Any CPU.Build.0 = Release|Any CPU
		{07BE1F28-86FF-4FE8-B682-41A33349F1BB}.Release|x86.ActiveCfg = Release|Any CPU
		{07BE1F28-86FF-4FE8-B682-41A33349F1BB}.Release|x86.Build.0 = Release|Any CPU
		{CB06D5EC-D1FC-43D6-A9BE-39E0E0A30E13}.Debug|Any CPU.ActiveCfg = Debug|Any CPU
		{CB06D5EC-D1FC-43D6-A9BE-39E0E0A30E13}.Debug|Any CPU.Build.0 = Debug|Any CPU
		{CB06D5EC-D1FC-43D6-A9BE-39E0E0A30E13}.Debug|x86.ActiveCfg = Debug|Any CPU
		{CB06D5EC-D1FC-43D6-A9BE-39E0E0A30E13}.Debug|x86.Build.0 = Debug|Any CPU
		{CB06D5EC-D1FC-43D6-A9BE-39E0E0A30E13}.Release|Any CPU.ActiveCfg = Release|Any CPU
		{CB06D5EC-D1FC-43D6-A9BE-39E0E0A30E13}.Release|Any CPU.Build.0 = Release|Any CPU
		{CB06D5EC-D1FC-43D6-A9BE-39E0E0A30E13}.Release|x86.ActiveCfg = Release|Any CPU
		{CB06D5EC-D1FC-43D6-A9BE-39E0E0A30E13}.Release|x86.Build.0 = Release|Any CPU
		{E4AC2AE9-2145-4810-A163-2470412B1F8A}.Debug|Any CPU.ActiveCfg = Debug|Any CPU
		{E4AC2AE9-2145-4810-A163-2470412B1F8A}.Debug|Any CPU.Build.0 = Debug|Any CPU
		{E4AC2AE9-2145-4810-A163-2470412B1F8A}.Debug|x86.ActiveCfg = Debug|Any CPU
		{E4AC2AE9-2145-4810-A163-2470412B1F8A}.Debug|x86.Build.0 = Debug|Any CPU
		{E4AC2AE9-2145-4810-A163-2470412B1F8A}.Release|Any CPU.ActiveCfg = Release|Any CPU
		{E4AC2AE9-2145-4810-A163-2470412B1F8A}.Release|Any CPU.Build.0 = Release|Any CPU
		{E4AC2AE9-2145-4810-A163-2470412B1F8A}.Release|x86.ActiveCfg = Release|Any CPU
		{E4AC2AE9-2145-4810-A163-2470412B1F8A}.Release|x86.Build.0 = Release|Any CPU
		{ECDDDDCB-F8B1-4E8C-9C77-0336632E656F}.Debug|Any CPU.ActiveCfg = Debug|x86
		{ECDDDDCB-F8B1-4E8C-9C77-0336632E656F}.Debug|Any CPU.Build.0 = Debug|x86
		{ECDDDDCB-F8B1-4E8C-9C77-0336632E656F}.Debug|x86.ActiveCfg = Debug|x86
		{ECDDDDCB-F8B1-4E8C-9C77-0336632E656F}.Debug|x86.Build.0 = Debug|x86
		{ECDDDDCB-F8B1-4E8C-9C77-0336632E656F}.Release|Any CPU.ActiveCfg = Release|x86
		{ECDDDDCB-F8B1-4E8C-9C77-0336632E656F}.Release|Any CPU.Build.0 = Release|x86
		{ECDDDDCB-F8B1-4E8C-9C77-0336632E656F}.Release|x86.ActiveCfg = Release|x86
		{ECDDDDCB-F8B1-4E8C-9C77-0336632E656F}.Release|x86.Build.0 = Release|x86
		{DBC39A1E-18CB-4809-81E0-47B1C899BBE0}.Debug|Any CPU.ActiveCfg = Debug|Any CPU
		{DBC39A1E-18CB-4809-81E0-47B1C899BBE0}.Debug|Any CPU.Build.0 = Debug|Any CPU
		{DBC39A1E-18CB-4809-81E0-47B1C899BBE0}.Debug|x86.ActiveCfg = Debug|x86
		{DBC39A1E-18CB-4809-81E0-47B1C899BBE0}.Debug|x86.Build.0 = Debug|x86
		{DBC39A1E-18CB-4809-81E0-47B1C899BBE0}.Release|Any CPU.ActiveCfg = Release|Any CPU
		{DBC39A1E-18CB-4809-81E0-47B1C899BBE0}.Release|Any CPU.Build.0 = Release|Any CPU
		{DBC39A1E-18CB-4809-81E0-47B1C899BBE0}.Release|x86.ActiveCfg = Release|x86
		{DBC39A1E-18CB-4809-81E0-47B1C899BBE0}.Release|x86.Build.0 = Release|x86
		{6C70CAF0-D330-4F52-B6CE-71C70DC1600F}.Debug|Any CPU.ActiveCfg = Debug|Any CPU
		{6C70CAF0-D330-4F52-B6CE-71C70DC1600F}.Debug|Any CPU.Build.0 = Debug|Any CPU
		{6C70CAF0-D330-4F52-B6CE-71C70DC1600F}.Debug|x86.ActiveCfg = Debug|x86
		{6C70CAF0-D330-4F52-B6CE-71C70DC1600F}.Debug|x86.Build.0 = Debug|x86
		{6C70CAF0-D330-4F52-B6CE-71C70DC1600F}.Release|Any CPU.ActiveCfg = Release|Any CPU
		{6C70CAF0-D330-4F52-B6CE-71C70DC1600F}.Release|Any CPU.Build.0 = Release|Any CPU
		{6C70CAF0-D330-4F52-B6CE-71C70DC1600F}.Release|x86.ActiveCfg = Release|x86
		{6C70CAF0-D330-4F52-B6CE-71C70DC1600F}.Release|x86.Build.0 = Release|x86
		{38F9E2D9-BDA9-4D32-95FD-B779B03C32BD}.Debug|Any CPU.ActiveCfg = Debug|Any CPU
		{38F9E2D9-BDA9-4D32-95FD-B779B03C32BD}.Debug|Any CPU.Build.0 = Debug|Any CPU
		{38F9E2D9-BDA9-4D32-95FD-B779B03C32BD}.Debug|x86.ActiveCfg = Debug|x86
		{38F9E2D9-BDA9-4D32-95FD-B779B03C32BD}.Debug|x86.Build.0 = Debug|x86
		{38F9E2D9-BDA9-4D32-95FD-B779B03C32BD}.Release|Any CPU.ActiveCfg = Release|Any CPU
		{38F9E2D9-BDA9-4D32-95FD-B779B03C32BD}.Release|Any CPU.Build.0 = Release|Any CPU
		{38F9E2D9-BDA9-4D32-95FD-B779B03C32BD}.Release|x86.ActiveCfg = Release|x86
		{38F9E2D9-BDA9-4D32-95FD-B779B03C32BD}.Release|x86.Build.0 = Release|x86
		{BE98BF56-A84E-43A4-847F-2AA3E551ADDD}.Debug|Any CPU.ActiveCfg = Debug|Any CPU
		{BE98BF56-A84E-43A4-847F-2AA3E551ADDD}.Debug|Any CPU.Build.0 = Debug|Any CPU
		{BE98BF56-A84E-43A4-847F-2AA3E551ADDD}.Debug|x86.ActiveCfg = Debug|x86
		{BE98BF56-A84E-43A4-847F-2AA3E551ADDD}.Debug|x86.Build.0 = Debug|x86
		{BE98BF56-A84E-43A4-847F-2AA3E551ADDD}.Release|Any CPU.ActiveCfg = Release|Any CPU
		{BE98BF56-A84E-43A4-847F-2AA3E551ADDD}.Release|Any CPU.Build.0 = Release|Any CPU
		{BE98BF56-A84E-43A4-847F-2AA3E551ADDD}.Release|x86.ActiveCfg = Release|x86
		{BE98BF56-A84E-43A4-847F-2AA3E551ADDD}.Release|x86.Build.0 = Release|x86
		{7DF60C20-4034-49CC-9974-B8443A2BC192}.Debug|Any CPU.ActiveCfg = Debug|Any CPU
		{7DF60C20-4034-49CC-9974-B8443A2BC192}.Debug|Any CPU.Build.0 = Debug|Any CPU
		{7DF60C20-4034-49CC-9974-B8443A2BC192}.Debug|x86.ActiveCfg = Debug|x86
		{7DF60C20-4034-49CC-9974-B8443A2BC192}.Debug|x86.Build.0 = Debug|x86
		{7DF60C20-4034-49CC-9974-B8443A2BC192}.Release|Any CPU.ActiveCfg = Release|Any CPU
		{7DF60C20-4034-49CC-9974-B8443A2BC192}.Release|Any CPU.Build.0 = Release|Any CPU
		{7DF60C20-4034-49CC-9974-B8443A2BC192}.Release|x86.ActiveCfg = Release|x86
		{7DF60C20-4034-49CC-9974-B8443A2BC192}.Release|x86.Build.0 = Release|x86
		{9285FC6B-9F08-4BCA-85BC-681D22BF22D3}.Debug|Any CPU.ActiveCfg = Debug|Any CPU
		{9285FC6B-9F08-4BCA-85BC-681D22BF22D3}.Debug|Any CPU.Build.0 = Debug|Any CPU
		{9285FC6B-9F08-4BCA-85BC-681D22BF22D3}.Debug|x86.ActiveCfg = Debug|x86
		{9285FC6B-9F08-4BCA-85BC-681D22BF22D3}.Debug|x86.Build.0 = Debug|x86
		{9285FC6B-9F08-4BCA-85BC-681D22BF22D3}.Release|Any CPU.ActiveCfg = Release|Any CPU
		{9285FC6B-9F08-4BCA-85BC-681D22BF22D3}.Release|Any CPU.Build.0 = Release|Any CPU
		{9285FC6B-9F08-4BCA-85BC-681D22BF22D3}.Release|x86.ActiveCfg = Release|x86
		{9285FC6B-9F08-4BCA-85BC-681D22BF22D3}.Release|x86.Build.0 = Release|x86
		{397501B2-4AE8-4EDA-84BF-905417497B2F}.Debug|Any CPU.ActiveCfg = Debug|Any CPU
		{397501B2-4AE8-4EDA-84BF-905417497B2F}.Debug|Any CPU.Build.0 = Debug|Any CPU
		{397501B2-4AE8-4EDA-84BF-905417497B2F}.Debug|x86.ActiveCfg = Debug|x86
		{397501B2-4AE8-4EDA-84BF-905417497B2F}.Debug|x86.Build.0 = Debug|x86
		{397501B2-4AE8-4EDA-84BF-905417497B2F}.Release|Any CPU.ActiveCfg = Release|Any CPU
		{397501B2-4AE8-4EDA-84BF-905417497B2F}.Release|Any CPU.Build.0 = Release|Any CPU
		{397501B2-4AE8-4EDA-84BF-905417497B2F}.Release|x86.ActiveCfg = Release|x86
		{397501B2-4AE8-4EDA-84BF-905417497B2F}.Release|x86.Build.0 = Release|x86
		{7EB8141D-851B-478A-9950-D04C96008DC0}.Debug|Any CPU.ActiveCfg = Debug|Any CPU
		{7EB8141D-851B-478A-9950-D04C96008DC0}.Debug|Any CPU.Build.0 = Debug|Any CPU
		{7EB8141D-851B-478A-9950-D04C96008DC0}.Debug|x86.ActiveCfg = Debug|x86
		{7EB8141D-851B-478A-9950-D04C96008DC0}.Debug|x86.Build.0 = Debug|x86
		{7EB8141D-851B-478A-9950-D04C96008DC0}.Release|Any CPU.ActiveCfg = Release|Any CPU
		{7EB8141D-851B-478A-9950-D04C96008DC0}.Release|Any CPU.Build.0 = Release|Any CPU
		{7EB8141D-851B-478A-9950-D04C96008DC0}.Release|x86.ActiveCfg = Release|x86
		{7EB8141D-851B-478A-9950-D04C96008DC0}.Release|x86.Build.0 = Release|x86
		{4B34D6B9-D185-4742-A204-70C490500754}.Debug|Any CPU.ActiveCfg = Debug|Any CPU
		{4B34D6B9-D185-4742-A204-70C490500754}.Debug|Any CPU.Build.0 = Debug|Any CPU
		{4B34D6B9-D185-4742-A204-70C490500754}.Debug|x86.ActiveCfg = Debug|x86
		{4B34D6B9-D185-4742-A204-70C490500754}.Debug|x86.Build.0 = Debug|x86
		{4B34D6B9-D185-4742-A204-70C490500754}.Release|Any CPU.ActiveCfg = Release|Any CPU
		{4B34D6B9-D185-4742-A204-70C490500754}.Release|Any CPU.Build.0 = Release|Any CPU
		{4B34D6B9-D185-4742-A204-70C490500754}.Release|x86.ActiveCfg = Release|x86
		{4B34D6B9-D185-4742-A204-70C490500754}.Release|x86.Build.0 = Release|x86
		{6AA55771-980C-45ED-9CCB-59C83C25815B}.Debug|Any CPU.ActiveCfg = Debug|Any CPU
		{6AA55771-980C-45ED-9CCB-59C83C25815B}.Debug|Any CPU.Build.0 = Debug|Any CPU
		{6AA55771-980C-45ED-9CCB-59C83C25815B}.Debug|x86.ActiveCfg = Debug|x86
		{6AA55771-980C-45ED-9CCB-59C83C25815B}.Debug|x86.Build.0 = Debug|x86
		{6AA55771-980C-45ED-9CCB-59C83C25815B}.Release|Any CPU.ActiveCfg = Release|Any CPU
		{6AA55771-980C-45ED-9CCB-59C83C25815B}.Release|Any CPU.Build.0 = Release|Any CPU
		{6AA55771-980C-45ED-9CCB-59C83C25815B}.Release|x86.ActiveCfg = Release|x86
		{6AA55771-980C-45ED-9CCB-59C83C25815B}.Release|x86.Build.0 = Release|x86
		{DEDC169F-3FC4-4189-B9F0-169C8DEBC11A}.Debug|Any CPU.ActiveCfg = Debug|Any CPU
		{DEDC169F-3FC4-4189-B9F0-169C8DEBC11A}.Debug|Any CPU.Build.0 = Debug|Any CPU
		{DEDC169F-3FC4-4189-B9F0-169C8DEBC11A}.Debug|x86.ActiveCfg = Debug|x86
		{DEDC169F-3FC4-4189-B9F0-169C8DEBC11A}.Debug|x86.Build.0 = Debug|x86
		{DEDC169F-3FC4-4189-B9F0-169C8DEBC11A}.Release|Any CPU.ActiveCfg = Release|Any CPU
		{DEDC169F-3FC4-4189-B9F0-169C8DEBC11A}.Release|Any CPU.Build.0 = Release|Any CPU
		{DEDC169F-3FC4-4189-B9F0-169C8DEBC11A}.Release|x86.ActiveCfg = Release|x86
		{DEDC169F-3FC4-4189-B9F0-169C8DEBC11A}.Release|x86.Build.0 = Release|x86
		{36BB69F0-A963-49D9-8626-E88A02FE0141}.Debug|Any CPU.ActiveCfg = Debug|Any CPU
		{36BB69F0-A963-49D9-8626-E88A02FE0141}.Debug|Any CPU.Build.0 = Debug|Any CPU
		{36BB69F0-A963-49D9-8626-E88A02FE0141}.Debug|x86.ActiveCfg = Debug|x86
		{36BB69F0-A963-49D9-8626-E88A02FE0141}.Debug|x86.Build.0 = Debug|x86
		{36BB69F0-A963-49D9-8626-E88A02FE0141}.Release|Any CPU.ActiveCfg = Release|Any CPU
		{36BB69F0-A963-49D9-8626-E88A02FE0141}.Release|Any CPU.Build.0 = Release|Any CPU
		{36BB69F0-A963-49D9-8626-E88A02FE0141}.Release|x86.ActiveCfg = Release|x86
		{36BB69F0-A963-49D9-8626-E88A02FE0141}.Release|x86.Build.0 = Release|x86
		{D8170A29-9F92-4B3C-8A67-F93704653E8C}.Debug|Any CPU.ActiveCfg = Debug|Any CPU
		{D8170A29-9F92-4B3C-8A67-F93704653E8C}.Debug|Any CPU.Build.0 = Debug|Any CPU
		{D8170A29-9F92-4B3C-8A67-F93704653E8C}.Debug|x86.ActiveCfg = Debug|x86
		{D8170A29-9F92-4B3C-8A67-F93704653E8C}.Debug|x86.Build.0 = Debug|x86
		{D8170A29-9F92-4B3C-8A67-F93704653E8C}.Release|Any CPU.ActiveCfg = Release|Any CPU
		{D8170A29-9F92-4B3C-8A67-F93704653E8C}.Release|Any CPU.Build.0 = Release|Any CPU
		{D8170A29-9F92-4B3C-8A67-F93704653E8C}.Release|x86.ActiveCfg = Release|x86
		{D8170A29-9F92-4B3C-8A67-F93704653E8C}.Release|x86.Build.0 = Release|x86
		{B8B68E26-257C-4968-B97C-1939CC1BE7CB}.Debug|Any CPU.ActiveCfg = Debug|Any CPU
		{B8B68E26-257C-4968-B97C-1939CC1BE7CB}.Debug|Any CPU.Build.0 = Debug|Any CPU
		{B8B68E26-257C-4968-B97C-1939CC1BE7CB}.Debug|x86.ActiveCfg = Debug|Any CPU
		{B8B68E26-257C-4968-B97C-1939CC1BE7CB}.Debug|x86.Build.0 = Debug|Any CPU
		{B8B68E26-257C-4968-B97C-1939CC1BE7CB}.Release|Any CPU.ActiveCfg = Release|Any CPU
		{B8B68E26-257C-4968-B97C-1939CC1BE7CB}.Release|Any CPU.Build.0 = Release|Any CPU
		{B8B68E26-257C-4968-B97C-1939CC1BE7CB}.Release|x86.ActiveCfg = Release|Any CPU
		{B8B68E26-257C-4968-B97C-1939CC1BE7CB}.Release|x86.Build.0 = Release|Any CPU
		{8E50A389-C478-4013-817D-8191C994B602}.Debug|Any CPU.ActiveCfg = Debug|Win32
		{8E50A389-C478-4013-817D-8191C994B602}.Debug|Any CPU.Build.0 = Debug|Win32
		{8E50A389-C478-4013-817D-8191C994B602}.Debug|x86.ActiveCfg = Debug|Win32
		{8E50A389-C478-4013-817D-8191C994B602}.Debug|x86.Build.0 = Debug|Win32
		{8E50A389-C478-4013-817D-8191C994B602}.Release|Any CPU.ActiveCfg = Release|Win32
		{8E50A389-C478-4013-817D-8191C994B602}.Release|Any CPU.Build.0 = Release|Win32
		{8E50A389-C478-4013-817D-8191C994B602}.Release|x86.ActiveCfg = Release|Win32
		{8E50A389-C478-4013-817D-8191C994B602}.Release|x86.Build.0 = Release|Win32
		{58A5B797-F08B-4837-96CF-FFBDB7CB3F02}.Debug|Any CPU.ActiveCfg = Debug|Win32
		{58A5B797-F08B-4837-96CF-FFBDB7CB3F02}.Debug|Any CPU.Build.0 = Debug|Win32
		{58A5B797-F08B-4837-96CF-FFBDB7CB3F02}.Debug|x86.ActiveCfg = Debug|Win32
		{58A5B797-F08B-4837-96CF-FFBDB7CB3F02}.Debug|x86.Build.0 = Debug|Win32
		{58A5B797-F08B-4837-96CF-FFBDB7CB3F02}.Release|Any CPU.ActiveCfg = Release|Win32
		{58A5B797-F08B-4837-96CF-FFBDB7CB3F02}.Release|Any CPU.Build.0 = Release|Win32
		{58A5B797-F08B-4837-96CF-FFBDB7CB3F02}.Release|x86.ActiveCfg = Release|Win32
		{58A5B797-F08B-4837-96CF-FFBDB7CB3F02}.Release|x86.Build.0 = Release|Win32
		{A7855BD5-03C1-4711-9F44-81D94A4F0F5C}.Debug|Any CPU.ActiveCfg = Debug|Win32
		{A7855BD5-03C1-4711-9F44-81D94A4F0F5C}.Debug|Any CPU.Build.0 = Debug|Win32
		{A7855BD5-03C1-4711-9F44-81D94A4F0F5C}.Debug|x86.ActiveCfg = Debug|Win32
		{A7855BD5-03C1-4711-9F44-81D94A4F0F5C}.Debug|x86.Build.0 = Debug|Win32
		{A7855BD5-03C1-4711-9F44-81D94A4F0F5C}.Release|Any CPU.ActiveCfg = Release|Win32
		{A7855BD5-03C1-4711-9F44-81D94A4F0F5C}.Release|Any CPU.Build.0 = Release|Win32
		{A7855BD5-03C1-4711-9F44-81D94A4F0F5C}.Release|x86.ActiveCfg = Release|Win32
		{A7855BD5-03C1-4711-9F44-81D94A4F0F5C}.Release|x86.Build.0 = Release|Win32
		{DADE89C9-2D7F-4582-BF44-FA656E9E556D}.Debug|Any CPU.ActiveCfg = Debug|Win32
		{DADE89C9-2D7F-4582-BF44-FA656E9E556D}.Debug|Any CPU.Build.0 = Debug|Win32
		{DADE89C9-2D7F-4582-BF44-FA656E9E556D}.Debug|x86.ActiveCfg = Debug|Win32
		{DADE89C9-2D7F-4582-BF44-FA656E9E556D}.Debug|x86.Build.0 = Debug|Win32
		{DADE89C9-2D7F-4582-BF44-FA656E9E556D}.Release|Any CPU.ActiveCfg = Release|Win32
		{DADE89C9-2D7F-4582-BF44-FA656E9E556D}.Release|Any CPU.Build.0 = Release|Win32
		{DADE89C9-2D7F-4582-BF44-FA656E9E556D}.Release|x86.ActiveCfg = Release|Win32
		{DADE89C9-2D7F-4582-BF44-FA656E9E556D}.Release|x86.Build.0 = Release|Win32
		{FE81B2F3-B574-46AB-A109-8B5A169450C2}.Debug|Any CPU.ActiveCfg = Debug|Win32
		{FE81B2F3-B574-46AB-A109-8B5A169450C2}.Debug|Any CPU.Build.0 = Debug|Win32
		{FE81B2F3-B574-46AB-A109-8B5A169450C2}.Debug|x86.ActiveCfg = Debug|Win32
		{FE81B2F3-B574-46AB-A109-8B5A169450C2}.Debug|x86.Build.0 = Debug|Win32
		{FE81B2F3-B574-46AB-A109-8B5A169450C2}.Release|Any CPU.ActiveCfg = Release|Win32
		{FE81B2F3-B574-46AB-A109-8B5A169450C2}.Release|Any CPU.Build.0 = Release|Win32
		{FE81B2F3-B574-46AB-A109-8B5A169450C2}.Release|x86.ActiveCfg = Release|Win32
		{FE81B2F3-B574-46AB-A109-8B5A169450C2}.Release|x86.Build.0 = Release|Win32
		{56D4BCA8-6C2A-4D84-803D-E11FFA8DA9BE}.Debug|Any CPU.ActiveCfg = Debug|Win32
		{56D4BCA8-6C2A-4D84-803D-E11FFA8DA9BE}.Debug|Any CPU.Build.0 = Debug|Win32
		{56D4BCA8-6C2A-4D84-803D-E11FFA8DA9BE}.Debug|x86.ActiveCfg = Debug|Win32
		{56D4BCA8-6C2A-4D84-803D-E11FFA8DA9BE}.Debug|x86.Build.0 = Debug|Win32
		{56D4BCA8-6C2A-4D84-803D-E11FFA8DA9BE}.Release|Any CPU.ActiveCfg = Release|Win32
		{56D4BCA8-6C2A-4D84-803D-E11FFA8DA9BE}.Release|Any CPU.Build.0 = Release|Win32
		{56D4BCA8-6C2A-4D84-803D-E11FFA8DA9BE}.Release|x86.ActiveCfg = Release|Win32
		{56D4BCA8-6C2A-4D84-803D-E11FFA8DA9BE}.Release|x86.Build.0 = Release|Win32
		{B715244C-8258-46D6-B37E-1B85510FCB72}.Debug|Any CPU.ActiveCfg = Debug|Win32
		{B715244C-8258-46D6-B37E-1B85510FCB72}.Debug|Any CPU.Build.0 = Debug|Win32
		{B715244C-8258-46D6-B37E-1B85510FCB72}.Debug|x86.ActiveCfg = Debug|Win32
		{B715244C-8258-46D6-B37E-1B85510FCB72}.Debug|x86.Build.0 = Debug|Win32
		{B715244C-8258-46D6-B37E-1B85510FCB72}.Release|Any CPU.ActiveCfg = Release|Win32
		{B715244C-8258-46D6-B37E-1B85510FCB72}.Release|Any CPU.Build.0 = Release|Win32
		{B715244C-8258-46D6-B37E-1B85510FCB72}.Release|x86.ActiveCfg = Release|Win32
		{B715244C-8258-46D6-B37E-1B85510FCB72}.Release|x86.Build.0 = Release|Win32
		{A113B569-82A2-4B52-B60A-4797D12D6FBD}.Debug|Any CPU.ActiveCfg = Debug|Win32
		{A113B569-82A2-4B52-B60A-4797D12D6FBD}.Debug|Any CPU.Build.0 = Debug|Win32
		{A113B569-82A2-4B52-B60A-4797D12D6FBD}.Debug|x86.ActiveCfg = Debug|Win32
		{A113B569-82A2-4B52-B60A-4797D12D6FBD}.Debug|x86.Build.0 = Debug|Win32
		{A113B569-82A2-4B52-B60A-4797D12D6FBD}.Release|Any CPU.ActiveCfg = Release|Win32
		{A113B569-82A2-4B52-B60A-4797D12D6FBD}.Release|Any CPU.Build.0 = Release|Win32
		{A113B569-82A2-4B52-B60A-4797D12D6FBD}.Release|x86.ActiveCfg = Release|Win32
		{A113B569-82A2-4B52-B60A-4797D12D6FBD}.Release|x86.Build.0 = Release|Win32
		{D3340271-CCBC-428A-B417-4C92F3ED907B}.Debug|Any CPU.ActiveCfg = Debug|Win32
		{D3340271-CCBC-428A-B417-4C92F3ED907B}.Debug|Any CPU.Build.0 = Debug|Win32
		{D3340271-CCBC-428A-B417-4C92F3ED907B}.Debug|x86.ActiveCfg = Debug|Win32
		{D3340271-CCBC-428A-B417-4C92F3ED907B}.Debug|x86.Build.0 = Debug|Win32
		{D3340271-CCBC-428A-B417-4C92F3ED907B}.Release|Any CPU.ActiveCfg = Release|Win32
		{D3340271-CCBC-428A-B417-4C92F3ED907B}.Release|Any CPU.Build.0 = Release|Win32
		{D3340271-CCBC-428A-B417-4C92F3ED907B}.Release|x86.ActiveCfg = Release|Win32
		{D3340271-CCBC-428A-B417-4C92F3ED907B}.Release|x86.Build.0 = Release|Win32
		{AC685071-AAEA-4DBF-9E09-E648F49F8F5B}.Debug|Any CPU.ActiveCfg = Debug|Win32
		{AC685071-AAEA-4DBF-9E09-E648F49F8F5B}.Debug|Any CPU.Build.0 = Debug|Win32
		{AC685071-AAEA-4DBF-9E09-E648F49F8F5B}.Debug|x86.ActiveCfg = Debug|Win32
		{AC685071-AAEA-4DBF-9E09-E648F49F8F5B}.Debug|x86.Build.0 = Debug|Win32
		{AC685071-AAEA-4DBF-9E09-E648F49F8F5B}.Release|Any CPU.ActiveCfg = Release|Win32
		{AC685071-AAEA-4DBF-9E09-E648F49F8F5B}.Release|Any CPU.Build.0 = Release|Win32
		{AC685071-AAEA-4DBF-9E09-E648F49F8F5B}.Release|x86.ActiveCfg = Release|Win32
		{AC685071-AAEA-4DBF-9E09-E648F49F8F5B}.Release|x86.Build.0 = Release|Win32
		{9B01E6D4-F4BD-4CAC-94C7-76037DF6634A}.Debug|Any CPU.ActiveCfg = Debug|Win32
		{9B01E6D4-F4BD-4CAC-94C7-76037DF6634A}.Debug|Any CPU.Build.0 = Debug|Win32
		{9B01E6D4-F4BD-4CAC-94C7-76037DF6634A}.Debug|x86.ActiveCfg = Debug|Win32
		{9B01E6D4-F4BD-4CAC-94C7-76037DF6634A}.Debug|x86.Build.0 = Debug|Win32
		{9B01E6D4-F4BD-4CAC-94C7-76037DF6634A}.Release|Any CPU.ActiveCfg = Release|Win32
		{9B01E6D4-F4BD-4CAC-94C7-76037DF6634A}.Release|Any CPU.Build.0 = Release|Win32
		{9B01E6D4-F4BD-4CAC-94C7-76037DF6634A}.Release|x86.ActiveCfg = Release|Win32
		{9B01E6D4-F4BD-4CAC-94C7-76037DF6634A}.Release|x86.Build.0 = Release|Win32
		{C4CBABF1-059C-41CC-B97B-1E046FDE9FED}.Debug|Any CPU.ActiveCfg = Debug|Win32
		{C4CBABF1-059C-41CC-B97B-1E046FDE9FED}.Debug|Any CPU.Build.0 = Debug|Win32
		{C4CBABF1-059C-41CC-B97B-1E046FDE9FED}.Debug|x86.ActiveCfg = Debug|Win32
		{C4CBABF1-059C-41CC-B97B-1E046FDE9FED}.Debug|x86.Build.0 = Debug|Win32
		{C4CBABF1-059C-41CC-B97B-1E046FDE9FED}.Release|Any CPU.ActiveCfg = Release|Win32
		{C4CBABF1-059C-41CC-B97B-1E046FDE9FED}.Release|Any CPU.Build.0 = Release|Win32
		{C4CBABF1-059C-41CC-B97B-1E046FDE9FED}.Release|x86.ActiveCfg = Release|Win32
		{C4CBABF1-059C-41CC-B97B-1E046FDE9FED}.Release|x86.Build.0 = Release|Win32
		{33D7A88E-00EB-4149-8233-26CFFC6987E1}.Debug|Any CPU.ActiveCfg = Debug|Win32
		{33D7A88E-00EB-4149-8233-26CFFC6987E1}.Debug|Any CPU.Build.0 = Debug|Win32
		{33D7A88E-00EB-4149-8233-26CFFC6987E1}.Debug|x86.ActiveCfg = Debug|Win32
		{33D7A88E-00EB-4149-8233-26CFFC6987E1}.Debug|x86.Build.0 = Debug|Win32
		{33D7A88E-00EB-4149-8233-26CFFC6987E1}.Release|Any CPU.ActiveCfg = Release|Win32
		{33D7A88E-00EB-4149-8233-26CFFC6987E1}.Release|Any CPU.Build.0 = Release|Win32
		{33D7A88E-00EB-4149-8233-26CFFC6987E1}.Release|x86.ActiveCfg = Release|Win32
		{33D7A88E-00EB-4149-8233-26CFFC6987E1}.Release|x86.Build.0 = Release|Win32
		{DB46B436-C9F8-445A-A820-FCDBF2BD7079}.Debug|Any CPU.ActiveCfg = Debug|Win32
		{DB46B436-C9F8-445A-A820-FCDBF2BD7079}.Debug|Any CPU.Build.0 = Debug|Win32
		{DB46B436-C9F8-445A-A820-FCDBF2BD7079}.Debug|x86.ActiveCfg = Debug|Win32
		{DB46B436-C9F8-445A-A820-FCDBF2BD7079}.Debug|x86.Build.0 = Debug|Win32
		{DB46B436-C9F8-445A-A820-FCDBF2BD7079}.Release|Any CPU.ActiveCfg = Release|Win32
		{DB46B436-C9F8-445A-A820-FCDBF2BD7079}.Release|Any CPU.Build.0 = Release|Win32
		{DB46B436-C9F8-445A-A820-FCDBF2BD7079}.Release|x86.ActiveCfg = Release|Win32
		{DB46B436-C9F8-445A-A820-FCDBF2BD7079}.Release|x86.Build.0 = Release|Win32
		{0A055C47-2A70-4845-968E-EB5E64DECA2D}.Debug|Any CPU.ActiveCfg = Debug|Win32
		{0A055C47-2A70-4845-968E-EB5E64DECA2D}.Debug|Any CPU.Build.0 = Debug|Win32
		{0A055C47-2A70-4845-968E-EB5E64DECA2D}.Debug|x86.ActiveCfg = Debug|Win32
		{0A055C47-2A70-4845-968E-EB5E64DECA2D}.Debug|x86.Build.0 = Debug|Win32
		{0A055C47-2A70-4845-968E-EB5E64DECA2D}.Release|Any CPU.ActiveCfg = Release|Win32
		{0A055C47-2A70-4845-968E-EB5E64DECA2D}.Release|Any CPU.Build.0 = Release|Win32
		{0A055C47-2A70-4845-968E-EB5E64DECA2D}.Release|x86.ActiveCfg = Release|Win32
		{0A055C47-2A70-4845-968E-EB5E64DECA2D}.Release|x86.Build.0 = Release|Win32
		{8D52161A-1B29-4400-8D38-EE2FDA344552}.Debug|Any CPU.ActiveCfg = Debug|x86
		{8D52161A-1B29-4400-8D38-EE2FDA344552}.Debug|Any CPU.Build.0 = Debug|x86
		{8D52161A-1B29-4400-8D38-EE2FDA344552}.Debug|x86.ActiveCfg = Debug|x86
		{8D52161A-1B29-4400-8D38-EE2FDA344552}.Debug|x86.Build.0 = Debug|x86
		{8D52161A-1B29-4400-8D38-EE2FDA344552}.Release|Any CPU.ActiveCfg = Release|x86
		{8D52161A-1B29-4400-8D38-EE2FDA344552}.Release|Any CPU.Build.0 = Release|x86
		{8D52161A-1B29-4400-8D38-EE2FDA344552}.Release|x86.ActiveCfg = Release|x86
		{8D52161A-1B29-4400-8D38-EE2FDA344552}.Release|x86.Build.0 = Release|x86
		{ED78A4EA-F738-46A0-8B08-1C14C032DBB6}.Debug|Any CPU.ActiveCfg = Debug|x86
		{ED78A4EA-F738-46A0-8B08-1C14C032DBB6}.Debug|Any CPU.Build.0 = Debug|x86
		{ED78A4EA-F738-46A0-8B08-1C14C032DBB6}.Debug|x86.ActiveCfg = Debug|x86
		{ED78A4EA-F738-46A0-8B08-1C14C032DBB6}.Debug|x86.Build.0 = Debug|x86
		{ED78A4EA-F738-46A0-8B08-1C14C032DBB6}.Release|Any CPU.ActiveCfg = Release|x86
		{ED78A4EA-F738-46A0-8B08-1C14C032DBB6}.Release|Any CPU.Build.0 = Release|x86
		{ED78A4EA-F738-46A0-8B08-1C14C032DBB6}.Release|x86.ActiveCfg = Release|x86
		{ED78A4EA-F738-46A0-8B08-1C14C032DBB6}.Release|x86.Build.0 = Release|x86
		{9FE5FD99-6000-48DA-8377-F56C2983C0DF}.Debug|Any CPU.ActiveCfg = Debug|x86
		{9FE5FD99-6000-48DA-8377-F56C2983C0DF}.Debug|Any CPU.Build.0 = Debug|x86
		{9FE5FD99-6000-48DA-8377-F56C2983C0DF}.Debug|x86.ActiveCfg = Debug|x86
		{9FE5FD99-6000-48DA-8377-F56C2983C0DF}.Debug|x86.Build.0 = Debug|x86
		{9FE5FD99-6000-48DA-8377-F56C2983C0DF}.Release|Any CPU.ActiveCfg = Release|x86
		{9FE5FD99-6000-48DA-8377-F56C2983C0DF}.Release|Any CPU.Build.0 = Release|x86
		{9FE5FD99-6000-48DA-8377-F56C2983C0DF}.Release|x86.ActiveCfg = Release|x86
		{9FE5FD99-6000-48DA-8377-F56C2983C0DF}.Release|x86.Build.0 = Release|x86
		{8FA290A2-E942-439B-BEF6-19E46091612F}.Debug|Any CPU.ActiveCfg = Debug|x86
		{8FA290A2-E942-439B-BEF6-19E46091612F}.Debug|Any CPU.Build.0 = Debug|x86
		{8FA290A2-E942-439B-BEF6-19E46091612F}.Debug|x86.ActiveCfg = Debug|x86
		{8FA290A2-E942-439B-BEF6-19E46091612F}.Debug|x86.Build.0 = Debug|x86
		{8FA290A2-E942-439B-BEF6-19E46091612F}.Release|Any CPU.ActiveCfg = Release|x86
		{8FA290A2-E942-439B-BEF6-19E46091612F}.Release|Any CPU.Build.0 = Release|x86
		{8FA290A2-E942-439B-BEF6-19E46091612F}.Release|x86.ActiveCfg = Release|x86
		{8FA290A2-E942-439B-BEF6-19E46091612F}.Release|x86.Build.0 = Release|x86
		{A32952BD-837D-4710-A488-B495BFBEE297}.Debug|Any CPU.ActiveCfg = Debug|x86
		{A32952BD-837D-4710-A488-B495BFBEE297}.Debug|Any CPU.Build.0 = Debug|x86
		{A32952BD-837D-4710-A488-B495BFBEE297}.Debug|x86.ActiveCfg = Debug|x86
		{A32952BD-837D-4710-A488-B495BFBEE297}.Debug|x86.Build.0 = Debug|x86
		{A32952BD-837D-4710-A488-B495BFBEE297}.Release|Any CPU.ActiveCfg = Release|x86
		{A32952BD-837D-4710-A488-B495BFBEE297}.Release|Any CPU.Build.0 = Release|x86
		{A32952BD-837D-4710-A488-B495BFBEE297}.Release|x86.ActiveCfg = Release|x86
		{A32952BD-837D-4710-A488-B495BFBEE297}.Release|x86.Build.0 = Release|x86
		{D799C70B-4AF2-4DCA-A0A0-5C68FBC6CCE2}.Debug|Any CPU.ActiveCfg = Debug|x86
		{D799C70B-4AF2-4DCA-A0A0-5C68FBC6CCE2}.Debug|Any CPU.Build.0 = Debug|x86
		{D799C70B-4AF2-4DCA-A0A0-5C68FBC6CCE2}.Debug|x86.ActiveCfg = Debug|x86
		{D799C70B-4AF2-4DCA-A0A0-5C68FBC6CCE2}.Debug|x86.Build.0 = Debug|x86
		{D799C70B-4AF2-4DCA-A0A0-5C68FBC6CCE2}.Release|Any CPU.ActiveCfg = Release|x86
		{D799C70B-4AF2-4DCA-A0A0-5C68FBC6CCE2}.Release|Any CPU.Build.0 = Release|x86
		{D799C70B-4AF2-4DCA-A0A0-5C68FBC6CCE2}.Release|x86.ActiveCfg = Release|x86
		{D799C70B-4AF2-4DCA-A0A0-5C68FBC6CCE2}.Release|x86.Build.0 = Release|x86
		{EBCDD12E-4CDE-4DE7-BDA9-B41392F4AF12}.Debug|Any CPU.ActiveCfg = Debug|x86
		{EBCDD12E-4CDE-4DE7-BDA9-B41392F4AF12}.Debug|Any CPU.Build.0 = Debug|x86
		{EBCDD12E-4CDE-4DE7-BDA9-B41392F4AF12}.Debug|x86.ActiveCfg = Debug|x86
		{EBCDD12E-4CDE-4DE7-BDA9-B41392F4AF12}.Debug|x86.Build.0 = Debug|x86
		{EBCDD12E-4CDE-4DE7-BDA9-B41392F4AF12}.Release|Any CPU.ActiveCfg = Release|x86
		{EBCDD12E-4CDE-4DE7-BDA9-B41392F4AF12}.Release|Any CPU.Build.0 = Release|x86
		{EBCDD12E-4CDE-4DE7-BDA9-B41392F4AF12}.Release|x86.ActiveCfg = Release|x86
		{EBCDD12E-4CDE-4DE7-BDA9-B41392F4AF12}.Release|x86.Build.0 = Release|x86
		{585D3AAA-8FE2-46DD-B396-A518AF9DA7D4}.Debug|Any CPU.ActiveCfg = Debug|x86
		{585D3AAA-8FE2-46DD-B396-A518AF9DA7D4}.Debug|Any CPU.Build.0 = Debug|x86
		{585D3AAA-8FE2-46DD-B396-A518AF9DA7D4}.Debug|x86.ActiveCfg = Debug|x86
		{585D3AAA-8FE2-46DD-B396-A518AF9DA7D4}.Debug|x86.Build.0 = Debug|x86
		{585D3AAA-8FE2-46DD-B396-A518AF9DA7D4}.Release|Any CPU.ActiveCfg = Release|x86
		{585D3AAA-8FE2-46DD-B396-A518AF9DA7D4}.Release|Any CPU.Build.0 = Release|x86
		{585D3AAA-8FE2-46DD-B396-A518AF9DA7D4}.Release|x86.ActiveCfg = Release|x86
		{585D3AAA-8FE2-46DD-B396-A518AF9DA7D4}.Release|x86.Build.0 = Release|x86
		{B49F102D-A908-4C70-B90B-4D39389F367C}.Debug|Any CPU.ActiveCfg = Debug|x86
		{B49F102D-A908-4C70-B90B-4D39389F367C}.Debug|Any CPU.Build.0 = Debug|x86
		{B49F102D-A908-4C70-B90B-4D39389F367C}.Debug|x86.ActiveCfg = Debug|x86
		{B49F102D-A908-4C70-B90B-4D39389F367C}.Debug|x86.Build.0 = Debug|x86
		{B49F102D-A908-4C70-B90B-4D39389F367C}.Release|Any CPU.ActiveCfg = Release|x86
		{B49F102D-A908-4C70-B90B-4D39389F367C}.Release|Any CPU.Build.0 = Release|x86
		{B49F102D-A908-4C70-B90B-4D39389F367C}.Release|x86.ActiveCfg = Release|x86
		{B49F102D-A908-4C70-B90B-4D39389F367C}.Release|x86.Build.0 = Release|x86
		{AC08D4ED-46C2-491A-AFB6-6F56B21D3220}.Debug|Any CPU.ActiveCfg = Debug|x86
		{AC08D4ED-46C2-491A-AFB6-6F56B21D3220}.Debug|Any CPU.Build.0 = Debug|x86
		{AC08D4ED-46C2-491A-AFB6-6F56B21D3220}.Debug|x86.ActiveCfg = Debug|x86
		{AC08D4ED-46C2-491A-AFB6-6F56B21D3220}.Debug|x86.Build.0 = Debug|x86
		{AC08D4ED-46C2-491A-AFB6-6F56B21D3220}.Release|Any CPU.ActiveCfg = Release|x86
		{AC08D4ED-46C2-491A-AFB6-6F56B21D3220}.Release|Any CPU.Build.0 = Release|x86
		{AC08D4ED-46C2-491A-AFB6-6F56B21D3220}.Release|x86.ActiveCfg = Release|x86
		{AC08D4ED-46C2-491A-AFB6-6F56B21D3220}.Release|x86.Build.0 = Release|x86
		{C0523A72-EF82-4CB9-A4FD-51CBF764C95D}.Debug|Any CPU.ActiveCfg = Debug|x86
		{C0523A72-EF82-4CB9-A4FD-51CBF764C95D}.Debug|Any CPU.Build.0 = Debug|x86
		{C0523A72-EF82-4CB9-A4FD-51CBF764C95D}.Debug|x86.ActiveCfg = Debug|x86
		{C0523A72-EF82-4CB9-A4FD-51CBF764C95D}.Debug|x86.Build.0 = Debug|x86
		{C0523A72-EF82-4CB9-A4FD-51CBF764C95D}.Release|Any CPU.ActiveCfg = Release|x86
		{C0523A72-EF82-4CB9-A4FD-51CBF764C95D}.Release|Any CPU.Build.0 = Release|x86
		{C0523A72-EF82-4CB9-A4FD-51CBF764C95D}.Release|x86.ActiveCfg = Release|x86
		{C0523A72-EF82-4CB9-A4FD-51CBF764C95D}.Release|x86.Build.0 = Release|x86
		{431BB8A2-80C8-4C5A-81C4-A51BBCF852DA}.Debug|Any CPU.ActiveCfg = Debug|x86
		{431BB8A2-80C8-4C5A-81C4-A51BBCF852DA}.Debug|Any CPU.Build.0 = Debug|x86
		{431BB8A2-80C8-4C5A-81C4-A51BBCF852DA}.Debug|x86.ActiveCfg = Debug|x86
		{431BB8A2-80C8-4C5A-81C4-A51BBCF852DA}.Debug|x86.Build.0 = Debug|x86
		{431BB8A2-80C8-4C5A-81C4-A51BBCF852DA}.Release|Any CPU.ActiveCfg = Release|x86
		{431BB8A2-80C8-4C5A-81C4-A51BBCF852DA}.Release|Any CPU.Build.0 = Release|x86
		{431BB8A2-80C8-4C5A-81C4-A51BBCF852DA}.Release|x86.ActiveCfg = Release|x86
		{431BB8A2-80C8-4C5A-81C4-A51BBCF852DA}.Release|x86.Build.0 = Release|x86
		{7ADD6E53-9C3F-4103-B88F-135E3A6061C4}.Debug|Any CPU.ActiveCfg = Debug
		{7ADD6E53-9C3F-4103-B88F-135E3A6061C4}.Debug|Any CPU.Build.0 = Debug
		{7ADD6E53-9C3F-4103-B88F-135E3A6061C4}.Debug|x86.ActiveCfg = Debug
		{7ADD6E53-9C3F-4103-B88F-135E3A6061C4}.Debug|x86.Build.0 = Debug
		{7ADD6E53-9C3F-4103-B88F-135E3A6061C4}.Release|Any CPU.ActiveCfg = Release
		{7ADD6E53-9C3F-4103-B88F-135E3A6061C4}.Release|Any CPU.Build.0 = Release
		{7ADD6E53-9C3F-4103-B88F-135E3A6061C4}.Release|x86.ActiveCfg = Release
		{7ADD6E53-9C3F-4103-B88F-135E3A6061C4}.Release|x86.Build.0 = Release
		{FE34303A-8318-4DF0-ADB3-1B8DA660BBBD}.Debug|Any CPU.ActiveCfg = Debug
		{FE34303A-8318-4DF0-ADB3-1B8DA660BBBD}.Debug|Any CPU.Build.0 = Debug
		{FE34303A-8318-4DF0-ADB3-1B8DA660BBBD}.Debug|x86.ActiveCfg = Debug
		{FE34303A-8318-4DF0-ADB3-1B8DA660BBBD}.Debug|x86.Build.0 = Debug
		{FE34303A-8318-4DF0-ADB3-1B8DA660BBBD}.Release|Any CPU.ActiveCfg = Release
		{FE34303A-8318-4DF0-ADB3-1B8DA660BBBD}.Release|Any CPU.Build.0 = Release
		{FE34303A-8318-4DF0-ADB3-1B8DA660BBBD}.Release|x86.ActiveCfg = Release
		{FE34303A-8318-4DF0-ADB3-1B8DA660BBBD}.Release|x86.Build.0 = Release
		{6E86B65B-C080-4FAA-89DD-B450A789BC5A}.Debug|Any CPU.ActiveCfg = Debug
		{6E86B65B-C080-4FAA-89DD-B450A789BC5A}.Debug|Any CPU.Build.0 = Debug
		{6E86B65B-C080-4FAA-89DD-B450A789BC5A}.Debug|x86.ActiveCfg = Debug
		{6E86B65B-C080-4FAA-89DD-B450A789BC5A}.Debug|x86.Build.0 = Debug
		{6E86B65B-C080-4FAA-89DD-B450A789BC5A}.Release|Any CPU.ActiveCfg = Release
		{6E86B65B-C080-4FAA-89DD-B450A789BC5A}.Release|Any CPU.Build.0 = Release
		{6E86B65B-C080-4FAA-89DD-B450A789BC5A}.Release|x86.ActiveCfg = Release
		{6E86B65B-C080-4FAA-89DD-B450A789BC5A}.Release|x86.Build.0 = Release
		{172D070F-EA2C-430D-B703-9443B2F51383}.Debug|Any CPU.ActiveCfg = Debug
		{172D070F-EA2C-430D-B703-9443B2F51383}.Debug|Any CPU.Build.0 = Debug
		{172D070F-EA2C-430D-B703-9443B2F51383}.Debug|x86.ActiveCfg = Debug
		{172D070F-EA2C-430D-B703-9443B2F51383}.Debug|x86.Build.0 = Debug
		{172D070F-EA2C-430D-B703-9443B2F51383}.Release|Any CPU.ActiveCfg = Release
		{172D070F-EA2C-430D-B703-9443B2F51383}.Release|Any CPU.Build.0 = Release
		{172D070F-EA2C-430D-B703-9443B2F51383}.Release|x86.ActiveCfg = Release
		{172D070F-EA2C-430D-B703-9443B2F51383}.Release|x86.Build.0 = Release
		{1027A030-8747-455B-95E3-42746BEAB3EB}.Debug|Any CPU.ActiveCfg = Debug
		{1027A030-8747-455B-95E3-42746BEAB3EB}.Debug|Any CPU.Build.0 = Debug
		{1027A030-8747-455B-95E3-42746BEAB3EB}.Debug|x86.ActiveCfg = Debug
		{1027A030-8747-455B-95E3-42746BEAB3EB}.Debug|x86.Build.0 = Debug
		{1027A030-8747-455B-95E3-42746BEAB3EB}.Release|Any CPU.ActiveCfg = Release
		{1027A030-8747-455B-95E3-42746BEAB3EB}.Release|Any CPU.Build.0 = Release
		{1027A030-8747-455B-95E3-42746BEAB3EB}.Release|x86.ActiveCfg = Release
		{1027A030-8747-455B-95E3-42746BEAB3EB}.Release|x86.Build.0 = Release
		{B6A3AA39-39EE-4959-96BE-D1597B3BFB04}.Debug|Any CPU.ActiveCfg = Debug
		{B6A3AA39-39EE-4959-96BE-D1597B3BFB04}.Debug|Any CPU.Build.0 = Debug
		{B6A3AA39-39EE-4959-96BE-D1597B3BFB04}.Debug|x86.ActiveCfg = Debug
		{B6A3AA39-39EE-4959-96BE-D1597B3BFB04}.Debug|x86.Build.0 = Debug
		{B6A3AA39-39EE-4959-96BE-D1597B3BFB04}.Release|Any CPU.ActiveCfg = Release
		{B6A3AA39-39EE-4959-96BE-D1597B3BFB04}.Release|Any CPU.Build.0 = Release
		{B6A3AA39-39EE-4959-96BE-D1597B3BFB04}.Release|x86.ActiveCfg = Release
		{B6A3AA39-39EE-4959-96BE-D1597B3BFB04}.Release|x86.Build.0 = Release
		{742DA472-4978-4493-81C7-E8DC0923F8F1}.Debug|Any CPU.ActiveCfg = Debug
		{742DA472-4978-4493-81C7-E8DC0923F8F1}.Debug|Any CPU.Build.0 = Debug
		{742DA472-4978-4493-81C7-E8DC0923F8F1}.Debug|x86.ActiveCfg = Debug
		{742DA472-4978-4493-81C7-E8DC0923F8F1}.Debug|x86.Build.0 = Debug
		{742DA472-4978-4493-81C7-E8DC0923F8F1}.Release|Any CPU.ActiveCfg = Release
		{742DA472-4978-4493-81C7-E8DC0923F8F1}.Release|Any CPU.Build.0 = Release
		{742DA472-4978-4493-81C7-E8DC0923F8F1}.Release|x86.ActiveCfg = Release
		{742DA472-4978-4493-81C7-E8DC0923F8F1}.Release|x86.Build.0 = Release
		{3989516E-2245-445B-B8CC-0B4EF9A1AF76}.Debug|Any CPU.ActiveCfg = Debug
		{3989516E-2245-445B-B8CC-0B4EF9A1AF76}.Debug|Any CPU.Build.0 = Debug
		{3989516E-2245-445B-B8CC-0B4EF9A1AF76}.Debug|x86.ActiveCfg = Debug
		{3989516E-2245-445B-B8CC-0B4EF9A1AF76}.Debug|x86.Build.0 = Debug
		{3989516E-2245-445B-B8CC-0B4EF9A1AF76}.Release|Any CPU.ActiveCfg = Release
		{3989516E-2245-445B-B8CC-0B4EF9A1AF76}.Release|Any CPU.Build.0 = Release
		{3989516E-2245-445B-B8CC-0B4EF9A1AF76}.Release|x86.ActiveCfg = Release
		{3989516E-2245-445B-B8CC-0B4EF9A1AF76}.Release|x86.Build.0 = Release
		{6CADDE91-D555-4B9A-A305-8AC92FCE51CB}.Debug|Any CPU.ActiveCfg = Debug
		{6CADDE91-D555-4B9A-A305-8AC92FCE51CB}.Debug|Any CPU.Build.0 = Debug
		{6CADDE91-D555-4B9A-A305-8AC92FCE51CB}.Debug|x86.ActiveCfg = Debug
		{6CADDE91-D555-4B9A-A305-8AC92FCE51CB}.Debug|x86.Build.0 = Debug
		{6CADDE91-D555-4B9A-A305-8AC92FCE51CB}.Release|Any CPU.ActiveCfg = Release
		{6CADDE91-D555-4B9A-A305-8AC92FCE51CB}.Release|Any CPU.Build.0 = Release
		{6CADDE91-D555-4B9A-A305-8AC92FCE51CB}.Release|x86.ActiveCfg = Release
		{6CADDE91-D555-4B9A-A305-8AC92FCE51CB}.Release|x86.Build.0 = Release
		{FF6CCBF7-B7F3-4987-99B3-12BEE25C750C}.Debug|Any CPU.ActiveCfg = Debug
		{FF6CCBF7-B7F3-4987-99B3-12BEE25C750C}.Debug|Any CPU.Build.0 = Debug
		{FF6CCBF7-B7F3-4987-99B3-12BEE25C750C}.Debug|x86.ActiveCfg = Debug
		{FF6CCBF7-B7F3-4987-99B3-12BEE25C750C}.Debug|x86.Build.0 = Debug
		{FF6CCBF7-B7F3-4987-99B3-12BEE25C750C}.Release|Any CPU.ActiveCfg = Release
		{FF6CCBF7-B7F3-4987-99B3-12BEE25C750C}.Release|Any CPU.Build.0 = Release
		{FF6CCBF7-B7F3-4987-99B3-12BEE25C750C}.Release|x86.ActiveCfg = Release
		{FF6CCBF7-B7F3-4987-99B3-12BEE25C750C}.Release|x86.Build.0 = Release
		{226921D5-F9C5-4441-A92D-495D296685FA}.Debug|Any CPU.ActiveCfg = Debug|Any CPU
		{226921D5-F9C5-4441-A92D-495D296685FA}.Debug|Any CPU.Build.0 = Debug|Any CPU
		{226921D5-F9C5-4441-A92D-495D296685FA}.Debug|x86.ActiveCfg = Debug|x86
		{226921D5-F9C5-4441-A92D-495D296685FA}.Debug|x86.Build.0 = Debug|x86
		{226921D5-F9C5-4441-A92D-495D296685FA}.Release|Any CPU.ActiveCfg = Release|Any CPU
		{226921D5-F9C5-4441-A92D-495D296685FA}.Release|Any CPU.Build.0 = Release|Any CPU
		{226921D5-F9C5-4441-A92D-495D296685FA}.Release|x86.ActiveCfg = Release|x86
		{226921D5-F9C5-4441-A92D-495D296685FA}.Release|x86.Build.0 = Release|x86
		{5474A6C3-8C93-77A3-06EB-AC23114CBE00}.Debug|Any CPU.ActiveCfg = Debug
		{5474A6C3-8C93-77A3-06EB-AC23114CBE00}.Debug|Any CPU.Build.0 = Debug
		{5474A6C3-8C93-77A3-06EB-AC23114CBE00}.Debug|x86.ActiveCfg = Debug
		{5474A6C3-8C93-77A3-06EB-AC23114CBE00}.Debug|x86.Build.0 = Debug
		{5474A6C3-8C93-77A3-06EB-AC23114CBE00}.Release|Any CPU.ActiveCfg = Release
		{5474A6C3-8C93-77A3-06EB-AC23114CBE00}.Release|Any CPU.Build.0 = Release
		{5474A6C3-8C93-77A3-06EB-AC23114CBE00}.Release|x86.ActiveCfg = Release
		{5474A6C3-8C93-77A3-06EB-AC23114CBE00}.Release|x86.Build.0 = Release
	EndGlobalSection
	GlobalSection(SolutionProperties) = preSolution
		HideSolutionNode = FALSE
	EndGlobalSection
	GlobalSection(NestedProjects) = preSolution
		{D1A7A60C-C91A-4C12-8950-C62C54C677B9} = {71989052-2703-4CEC-9339-648DA315C8C5}
		{F6C24424-CFEF-4FE9-B84C-55E190D5FDB7} = {71989052-2703-4CEC-9339-648DA315C8C5}
		{32F2EFFC-2A77-4DEF-B8DE-8E0D44B0E58E} = {71989052-2703-4CEC-9339-648DA315C8C5}
		{5EF4A686-FF33-4572-AD93-9C2D4C2A602E} = {71989052-2703-4CEC-9339-648DA315C8C5}
		{07BE1F28-86FF-4FE8-B682-41A33349F1BB} = {71989052-2703-4CEC-9339-648DA315C8C5}
		{CB06D5EC-D1FC-43D6-A9BE-39E0E0A30E13} = {71989052-2703-4CEC-9339-648DA315C8C5}
		{E4AC2AE9-2145-4810-A163-2470412B1F8A} = {71989052-2703-4CEC-9339-648DA315C8C5}
		{ECDDDDCB-F8B1-4E8C-9C77-0336632E656F} = {71989052-2703-4CEC-9339-648DA315C8C5}
		{DBC39A1E-18CB-4809-81E0-47B1C899BBE0} = {D1A7A60C-C91A-4C12-8950-C62C54C677B9}
		{6C70CAF0-D330-4F52-B6CE-71C70DC1600F} = {D1A7A60C-C91A-4C12-8950-C62C54C677B9}
		{38F9E2D9-BDA9-4D32-95FD-B779B03C32BD} = {D1A7A60C-C91A-4C12-8950-C62C54C677B9}
		{BE98BF56-A84E-43A4-847F-2AA3E551ADDD} = {D1A7A60C-C91A-4C12-8950-C62C54C677B9}
		{7DF60C20-4034-49CC-9974-B8443A2BC192} = {D1A7A60C-C91A-4C12-8950-C62C54C677B9}
		{9285FC6B-9F08-4BCA-85BC-681D22BF22D3} = {D1A7A60C-C91A-4C12-8950-C62C54C677B9}
		{397501B2-4AE8-4EDA-84BF-905417497B2F} = {D1A7A60C-C91A-4C12-8950-C62C54C677B9}
		{7EB8141D-851B-478A-9950-D04C96008DC0} = {D1A7A60C-C91A-4C12-8950-C62C54C677B9}
		{4B34D6B9-D185-4742-A204-70C490500754} = {D1A7A60C-C91A-4C12-8950-C62C54C677B9}
		{6AA55771-980C-45ED-9CCB-59C83C25815B} = {D1A7A60C-C91A-4C12-8950-C62C54C677B9}
		{DEDC169F-3FC4-4189-B9F0-169C8DEBC11A} = {D1A7A60C-C91A-4C12-8950-C62C54C677B9}
		{36BB69F0-A963-49D9-8626-E88A02FE0141} = {D1A7A60C-C91A-4C12-8950-C62C54C677B9}
		{D8170A29-9F92-4B3C-8A67-F93704653E8C} = {D1A7A60C-C91A-4C12-8950-C62C54C677B9}
		{B8B68E26-257C-4968-B97C-1939CC1BE7CB} = {D1A7A60C-C91A-4C12-8950-C62C54C677B9}
		{8E50A389-C478-4013-817D-8191C994B602} = {D1A7A60C-C91A-4C12-8950-C62C54C677B9}
		{58A5B797-F08B-4837-96CF-FFBDB7CB3F02} = {F6C24424-CFEF-4FE9-B84C-55E190D5FDB7}
		{A7855BD5-03C1-4711-9F44-81D94A4F0F5C} = {F6C24424-CFEF-4FE9-B84C-55E190D5FDB7}
		{DADE89C9-2D7F-4582-BF44-FA656E9E556D} = {F6C24424-CFEF-4FE9-B84C-55E190D5FDB7}
		{FE81B2F3-B574-46AB-A109-8B5A169450C2} = {F6C24424-CFEF-4FE9-B84C-55E190D5FDB7}
		{56D4BCA8-6C2A-4D84-803D-E11FFA8DA9BE} = {F6C24424-CFEF-4FE9-B84C-55E190D5FDB7}
		{B715244C-8258-46D6-B37E-1B85510FCB72} = {F6C24424-CFEF-4FE9-B84C-55E190D5FDB7}
		{A113B569-82A2-4B52-B60A-4797D12D6FBD} = {F6C24424-CFEF-4FE9-B84C-55E190D5FDB7}
		{D3340271-CCBC-428A-B417-4C92F3ED907B} = {F6C24424-CFEF-4FE9-B84C-55E190D5FDB7}
		{AC685071-AAEA-4DBF-9E09-E648F49F8F5B} = {F6C24424-CFEF-4FE9-B84C-55E190D5FDB7}
		{9B01E6D4-F4BD-4CAC-94C7-76037DF6634A} = {F6C24424-CFEF-4FE9-B84C-55E190D5FDB7}
		{C4CBABF1-059C-41CC-B97B-1E046FDE9FED} = {F6C24424-CFEF-4FE9-B84C-55E190D5FDB7}
		{33D7A88E-00EB-4149-8233-26CFFC6987E1} = {F6C24424-CFEF-4FE9-B84C-55E190D5FDB7}
		{DB46B436-C9F8-445A-A820-FCDBF2BD7079} = {F6C24424-CFEF-4FE9-B84C-55E190D5FDB7}
		{0A055C47-2A70-4845-968E-EB5E64DECA2D} = {F6C24424-CFEF-4FE9-B84C-55E190D5FDB7}
		{8D52161A-1B29-4400-8D38-EE2FDA344552} = {33DC9133-C9C8-47F5-A955-F459DA637DB1}
		{ED78A4EA-F738-46A0-8B08-1C14C032DBB6} = {33DC9133-C9C8-47F5-A955-F459DA637DB1}
		{9FE5FD99-6000-48DA-8377-F56C2983C0DF} = {33DC9133-C9C8-47F5-A955-F459DA637DB1}
		{8FA290A2-E942-439B-BEF6-19E46091612F} = {33DC9133-C9C8-47F5-A955-F459DA637DB1}
		{7ADD6E53-9C3F-4103-B88F-135E3A6061C4} = {AC7FF22C-49BD-41A9-A80C-DA553800E6DE}
		{FE34303A-8318-4DF0-ADB3-1B8DA660BBBD} = {AC7FF22C-49BD-41A9-A80C-DA553800E6DE}
		{6E86B65B-C080-4FAA-89DD-B450A789BC5A} = {AC7FF22C-49BD-41A9-A80C-DA553800E6DE}
		{172D070F-EA2C-430D-B703-9443B2F51383} = {AC7FF22C-49BD-41A9-A80C-DA553800E6DE}
		{1027A030-8747-455B-95E3-42746BEAB3EB} = {AC7FF22C-49BD-41A9-A80C-DA553800E6DE}
		{B6A3AA39-39EE-4959-96BE-D1597B3BFB04} = {AC7FF22C-49BD-41A9-A80C-DA553800E6DE}
		{742DA472-4978-4493-81C7-E8DC0923F8F1} = {AC7FF22C-49BD-41A9-A80C-DA553800E6DE}
		{3989516E-2245-445B-B8CC-0B4EF9A1AF76} = {AC7FF22C-49BD-41A9-A80C-DA553800E6DE}
		{6CADDE91-D555-4B9A-A305-8AC92FCE51CB} = {AC7FF22C-49BD-41A9-A80C-DA553800E6DE}
		{FF6CCBF7-B7F3-4987-99B3-12BEE25C750C} = {AC7FF22C-49BD-41A9-A80C-DA553800E6DE}
		{226921D5-F9C5-4441-A92D-495D296685FA} = {D1A7A60C-C91A-4C12-8950-C62C54C677B9}
		{5474A6C3-8C93-77A3-06EB-AC23114CBE00} = {AC7FF22C-49BD-41A9-A80C-DA553800E6DE}
	EndGlobalSection
	GlobalSection(ExtensibilityGlobals) = postSolution
		SolutionGuid = {96EC9158-66E5-4D9A-B455-634A1FB3CD65}
	EndGlobalSection
EndGlobal
