<?xml version="1.0" encoding="utf-8"?>
<Project ToolsVersion="4.0" xmlns="http://schemas.microsoft.com/developer/msbuild/2003">
  <ItemGroup>
    <Filter Include="Source Files">
      <UniqueIdentifier>{57525f55-6d86-48a3-9a4c-c9d45506d8bf}</UniqueIdentifier>
      <Extensions>cpp;c;cxx;rc;def;r;odl;idl;hpj;bat</Extensions>
    </Filter>
    <Filter Include="Header Files">
      <UniqueIdentifier>{61af2a05-62b8-4c34-8d29-01e2359837d9}</UniqueIdentifier>
      <Extensions>h;hpp;hxx;hm;inl</Extensions>
    </Filter>
  </ItemGroup>
  <ItemGroup>
    <ClCompile Include="parserfuncs.cpp">
      <Filter>Source Files</Filter>
    </ClCompile>
    <ClCompile Include="script1_lexer.cpp">
      <Filter>Source Files</Filter>
    </ClCompile>
    <ClCompile Include="script1_parser.cpp">
      <Filter>Source Files</Filter>
    </ClCompile>
    <ClCompile Include="script2_lexer.cpp">
      <Filter>Source Files</Filter>
    </ClCompile>
    <ClCompile Include="script2_parser.cpp">
      <Filter>Source Files</Filter>
    </ClCompile>
    <ClCompile Include="script3_lexer.cpp">
      <Filter>Source Files</Filter>
    </ClCompile>
    <ClCompile Include="script3_parser.cpp">
      <Filter>Source Files</Filter>
    </ClCompile>
    <ClCompile Include="script4_lexer.cpp">
      <Filter>Source Files</Filter>
    </ClCompile>
    <ClCompile Include="script4_parser.cpp">
      <Filter>Source Files</Filter>
    </ClCompile>
    <ClCompile Include="script_lexer.cpp">
      <Filter>Source Files</Filter>
    </ClCompile>
    <ClCompile Include="script_parser.cpp">
      <Filter>Source Files</Filter>
    </ClCompile>
    <ClCompile Include="scriptfile.cpp">
      <Filter>Source Files</Filter>
    </ClCompile>
  </ItemGroup>
  <ItemGroup>
    <ClInclude Include="script1_parser.cpp.h">
      <Filter>Header Files</Filter>
    </ClInclude>
    <ClInclude Include="script2_parser.cpp.h">
      <Filter>Header Files</Filter>
    </ClInclude>
    <ClInclude Include="script3_parser.cpp.h">
      <Filter>Header Files</Filter>
    </ClInclude>
    <ClInclude Include="script4_parser.cpp.h">
      <Filter>Header Files</Filter>
    </ClInclude>
    <ClInclude Include="script_parser.cpp.h">
      <Filter>Header Files</Filter>
    </ClInclude>
    <ClInclude Include="scriptfile.h">
      <Filter>Header Files</Filter>
    </ClInclude>
  </ItemGroup>
  <ItemGroup>
    <CustomBuild Include="script_parser.y" />
  </ItemGroup>
  <ItemGroup>
    <None Include="script_lexer.l" />
  </ItemGroup>
</Project>