<?xml version="1.0" encoding="utf-8"?>
<Project ToolsVersion="4.0" xmlns="http://schemas.microsoft.com/developer/msbuild/2003">
  <ItemGroup>
    <Filter Include="Source Files">
      <UniqueIdentifier>{9f3a3063-be6b-4f1f-bd0b-4e3433826073}</UniqueIdentifier>
      <Extensions>cpp;c;cxx;rc;def;r;odl;idl;hpj;bat</Extensions>
    </Filter>
    <Filter Include="Header Files">
      <UniqueIdentifier>{880f5cb0-83c2-4cf8-a91f-313414a87c8a}</UniqueIdentifier>
      <Extensions>h;hpp;hxx;hm;inl</Extensions>
    </Filter>
  </ItemGroup>
  <ItemGroup>
    <ClCompile Include="AEDefinition.cpp">
      <Filter>Source Files</Filter>
    </ClCompile>
    <ClCompile Include="AESession.cpp">
      <Filter>Source Files</Filter>
    </ClCompile>
    <ClCompile Include="AttributeDefinition.cpp">
      <Filter>Source Files</Filter>
    </ClCompile>
    <ClCompile Include="AttributeGroupDefinition.cpp">
      <Filter>Source Files</Filter>
    </ClCompile>
    <ClCompile Include="AttributeRegister.cpp">
      <Filter>Source Files</Filter>
    </ClCompile>
    <ClCompile Include="CommandDefinition.cpp">
      <Filter>Source Files</Filter>
    </ClCompile>
    <ClCompile Include="DatasetDefinition.cpp">
      <Filter>Source Files</Filter>
    </ClCompile>
    <ClCompile Include="deffilecontent.cpp">
      <Filter>Source Files</Filter>
    </ClCompile>
    <ClCompile Include="definition.cpp">
      <Filter>Source Files</Filter>
    </ClCompile>
    <ClCompile Include="definition_lex.cpp">
      <Filter>Source Files</Filter>
    </ClCompile>
    <ClCompile Include="definition_parse.cpp">
      <Filter>Source Files</Filter>
    </ClCompile>
    <ClCompile Include="DefinitionDetails.cpp">
      <Filter>Source Files</Filter>
    </ClCompile>
    <ClCompile Include="definitionfile.cpp">
      <Filter>Source Files</Filter>
    </ClCompile>
    <ClCompile Include="DefinitionInstance.cpp">
      <Filter>Source Files</Filter>
    </ClCompile>
    <ClCompile Include="DICOMObjectDefinition.cpp">
      <Filter>Source Files</Filter>
    </ClCompile>
    <ClCompile Include="ItemDefinition.cpp">
      <Filter>Source Files</Filter>
    </ClCompile>
    <ClCompile Include="MacroDefinition.cpp">
      <Filter>Source Files</Filter>
    </ClCompile>
    <ClCompile Include="MetaSopClassDefinition.cpp">
      <Filter>Source Files</Filter>
    </ClCompile>
    <ClCompile Include="ModuleDefinition.cpp">
      <Filter>Source Files</Filter>
    </ClCompile>
    <ClCompile Include="SopClassDefinition.cpp">
      <Filter>Source Files</Filter>
    </ClCompile>
    <ClCompile Include="SystemDefinition.cpp">
      <Filter>Source Files</Filter>
    </ClCompile>
  </ItemGroup>
  <ItemGroup>
    <ClInclude Include="AEDefinition.h">
      <Filter>Header Files</Filter>
    </ClInclude>
    <ClInclude Include="AESession.h">
      <Filter>Header Files</Filter>
    </ClInclude>
    <ClInclude Include="AttributeDefinition.h">
      <Filter>Header Files</Filter>
    </ClInclude>
    <ClInclude Include="AttributeGroupDefinition.h">
      <Filter>Header Files</Filter>
    </ClInclude>
    <ClInclude Include="AttributeRegister.h">
      <Filter>Header Files</Filter>
    </ClInclude>
    <ClInclude Include="CommandDefinition.h">
      <Filter>Header Files</Filter>
    </ClInclude>
    <ClInclude Include="DatasetDefinition.h">
      <Filter>Header Files</Filter>
    </ClInclude>
    <ClInclude Include="deffilecontent.h">
      <Filter>Header Files</Filter>
    </ClInclude>
    <ClInclude Include="definition.h">
      <Filter>Header Files</Filter>
    </ClInclude>
    <ClInclude Include="definition_parse.cpp.h">
      <Filter>Header Files</Filter>
    </ClInclude>
    <ClInclude Include="DefinitionDetails.h">
      <Filter>Header Files</Filter>
    </ClInclude>
    <ClInclude Include="definitionfile.h">
      <Filter>Header Files</Filter>
    </ClInclude>
    <ClInclude Include="DefinitionInstance.h">
      <Filter>Header Files</Filter>
    </ClInclude>
    <ClInclude Include="DICOMObjectDefinition.h">
      <Filter>Header Files</Filter>
    </ClInclude>
    <ClInclude Include="ItemDefinition.h">
      <Filter>Header Files</Filter>
    </ClInclude>
    <ClInclude Include="MacroDefinition.h">
      <Filter>Header Files</Filter>
    </ClInclude>
    <ClInclude Include="MetaSopClassDefinition.h">
      <Filter>Header Files</Filter>
    </ClInclude>
    <ClInclude Include="ModuleDefinition.h">
      <Filter>Header Files</Filter>
    </ClInclude>
    <ClInclude Include="SopClassDefinition.h">
      <Filter>Header Files</Filter>
    </ClInclude>
    <ClInclude Include="SystemDefinition.h">
      <Filter>Header Files</Filter>
    </ClInclude>
  </ItemGroup>
  <ItemGroup>
    <CustomBuild Include="definition_parse.y" />
  </ItemGroup>
  <ItemGroup>
    <None Include="definition_lex.l" />
  </ItemGroup>
</Project>