<?xml version="1.0" encoding="utf-8"?>
<Project ToolsVersion="4.0" xmlns="http://schemas.microsoft.com/developer/msbuild/2003">
  <ItemGroup>
    <Filter Include="Source Files">
      <UniqueIdentifier>{4FC737F1-C7A5-4376-A066-2A32D752A2FF}</UniqueIdentifier>
      <Extensions>cpp;c;cxx;def;odl;idl;hpj;bat;asm;asmx</Extensions>
    </Filter>
    <Filter Include="Header Files">
      <UniqueIdentifier>{93995380-89BD-4b04-88EB-625FBE52EBFB}</UniqueIdentifier>
      <Extensions>h;hpp;hxx;hm;inl;inc;xsd</Extensions>
    </Filter>
    <Filter Include="Resource Files">
      <UniqueIdentifier>{67DA6AB6-F800-4c08-8B7A-83BB121AAD01}</UniqueIdentifier>
      <Extensions>rc;ico;cur;bmp;dlg;rc2;rct;bin;rgs;gif;jpg;jpeg;jpe;resx</Extensions>
    </Filter>
  </ItemGroup>
  <ItemGroup>
    <ClCompile Include="ActivityReportingAdapter.cpp">
      <Filter>Source Files</Filter>
    </ClCompile>
    <ClCompile Include="AssemblyInfo.cpp">
      <Filter>Source Files</Filter>
    </ClCompile>
    <ClCompile Include="ConfirmInteractionAdapter.cpp">
      <Filter>Source Files</Filter>
    </ClCompile>
    <ClCompile Include="CountingAdapter.cpp">
      <Filter>Source Files</Filter>
    </ClCompile>
    <ClCompile Include="DVTKManagedCodeAdapter.cpp">
      <Filter>Source Files</Filter>
    </ClCompile>
    <ClCompile Include="IDimse.cpp">
      <Filter>Source Files</Filter>
    </ClCompile>
    <ClCompile Include="IDul.cpp">
      <Filter>Source Files</Filter>
    </ClCompile>
    <ClCompile Include="ISessions.cpp">
      <Filter>Source Files</Filter>
    </ClCompile>
    <ClCompile Include="ISockets.cpp">
      <Filter>Source Files</Filter>
    </ClCompile>
    <ClCompile Include="ManagedWrapper.cpp">
      <Filter>Source Files</Filter>
    </ClCompile>
    <ClCompile Include="MAttributeUtilities.cpp">
      <Filter>Source Files</Filter>
    </ClCompile>
    <ClCompile Include="MBaseSession.cpp">
      <Filter>Source Files</Filter>
    </ClCompile>
    <ClCompile Include="MCertificate.cpp">
      <Filter>Source Files</Filter>
    </ClCompile>
    <ClCompile Include="MCertificateFile.cpp">
      <Filter>Source Files</Filter>
    </ClCompile>
    <ClCompile Include="MDataSet.cpp">
      <Filter>Source Files</Filter>
    </ClCompile>
    <ClCompile Include="MDefinition.cpp">
      <Filter>Source Files</Filter>
    </ClCompile>
    <ClCompile Include="MDIMSEConvertors.cpp">
      <Filter>Source Files</Filter>
    </ClCompile>
    <ClCompile Include="MDIMSEResultsConvertors.cpp">
      <Filter>Source Files</Filter>
    </ClCompile>
    <ClCompile Include="MDULConvertors.cpp">
      <Filter>Source Files</Filter>
    </ClCompile>
    <ClCompile Include="MDULResultsConvertors.cpp">
      <Filter>Source Files</Filter>
    </ClCompile>
    <ClCompile Include="MEmulatorSession.cpp">
      <Filter>Source Files</Filter>
    </ClCompile>
    <ClCompile Include="MMediaConvertors.cpp">
      <Filter>Source Files</Filter>
    </ClCompile>
    <ClCompile Include="MMediaSession.cpp">
      <Filter>Source Files</Filter>
    </ClCompile>
    <ClCompile Include="MPrinter.cpp">
      <Filter>Source Files</Filter>
    </ClCompile>
    <ClCompile Include="MScriptSession.cpp">
      <Filter>Source Files</Filter>
    </ClCompile>
    <ClCompile Include="MSessionFactory.cpp">
      <Filter>Source Files</Filter>
    </ClCompile>
    <ClCompile Include="MSnifferSession.cpp">
      <Filter>Source Files</Filter>
    </ClCompile>
    <ClCompile Include="SerializationAdapter.cpp">
      <Filter>Source Files</Filter>
    </ClCompile>
    <ClCompile Include="Stdafx.cpp">
      <Filter>Source Files</Filter>
    </ClCompile>
    <ClCompile Include="UtilityFunctions.cpp">
      <Filter>Source Files</Filter>
    </ClCompile>
    <ClCompile Include="ValidationMessageLevels.cpp">
      <Filter>Source Files</Filter>
    </ClCompile>
  </ItemGroup>
  <ItemGroup>
    <ClInclude Include="ActivityReportingAdapter.h">
      <Filter>Header Files</Filter>
    </ClInclude>
    <ClInclude Include="ConfirmInteractionAdapter.h">
      <Filter>Header Files</Filter>
    </ClInclude>
    <ClInclude Include="CountingAdapter.h">
      <Filter>Header Files</Filter>
    </ClInclude>
    <ClInclude Include="DVTKManagedCodeAdapter.h">
      <Filter>Header Files</Filter>
    </ClInclude>
    <ClInclude Include="IDimse.h">
      <Filter>Header Files</Filter>
    </ClInclude>
    <ClInclude Include="IDul.h">
      <Filter>Header Files</Filter>
    </ClInclude>
    <ClInclude Include="ISessions.h">
      <Filter>Header Files</Filter>
    </ClInclude>
    <ClInclude Include="ISockets.h">
      <Filter>Header Files</Filter>
    </ClInclude>
    <ClInclude Include="MAttributeUtilities.h">
      <Filter>Header Files</Filter>
    </ClInclude>
    <ClInclude Include="MBaseSession.h">
      <Filter>Header Files</Filter>
    </ClInclude>
    <ClInclude Include="MCertificate.h">
      <Filter>Header Files</Filter>
    </ClInclude>
    <ClInclude Include="MCertificateFile.h">
      <Filter>Header Files</Filter>
    </ClInclude>
    <ClInclude Include="MDataSet.h">
      <Filter>Header Files</Filter>
    </ClInclude>
    <ClInclude Include="MDefinition.h">
      <Filter>Header Files</Filter>
    </ClInclude>
    <ClInclude Include="MDIMSEConvertors.h">
      <Filter>Header Files</Filter>
    </ClInclude>
    <ClInclude Include="MDIMSEResultsConvertors.h">
      <Filter>Header Files</Filter>
    </ClInclude>
    <ClInclude Include="MDULConvertors.h">
      <Filter>Header Files</Filter>
    </ClInclude>
    <ClInclude Include="MDULResultsConvertors.h">
      <Filter>Header Files</Filter>
    </ClInclude>
    <ClInclude Include="MEmulatorSession.h">
      <Filter>Header Files</Filter>
    </ClInclude>
    <ClInclude Include="MMediaConvertors.h">
      <Filter>Header Files</Filter>
    </ClInclude>
    <ClInclude Include="MMediaSession.h">
      <Filter>Header Files</Filter>
    </ClInclude>
    <ClInclude Include="MPrinter.h">
      <Filter>Header Files</Filter>
    </ClInclude>
    <ClInclude Include="MScriptSession.h">
      <Filter>Header Files</Filter>
    </ClInclude>
    <ClInclude Include="MSessionFactory.h">
      <Filter>Header Files</Filter>
    </ClInclude>
    <ClInclude Include="MSnifferSession.h">
      <Filter>Header Files</Filter>
    </ClInclude>
    <ClInclude Include="resource.h">
      <Filter>Header Files</Filter>
    </ClInclude>
    <ClInclude Include="SerializationAdapter.h">
      <Filter>Header Files</Filter>
    </ClInclude>
    <ClInclude Include="Stdafx.h">
      <Filter>Header Files</Filter>
    </ClInclude>
    <ClInclude Include="UtilityFunctions.h">
      <Filter>Header Files</Filter>
    </ClInclude>
    <ClInclude Include="ValidationMessageLevels.h">
      <Filter>Header Files</Filter>
    </ClInclude>
  </ItemGroup>
  <ItemGroup>
    <None Include="app.ico">
      <Filter>Resource Files</Filter>
    </None>
    <None Include="ReadMe.txt" />
  </ItemGroup>
  <ItemGroup>
    <ResourceCompile Include="app.rc">
      <Filter>Resource Files</Filter>
    </ResourceCompile>
  </ItemGroup>
</Project>