Microsoft Visual Studio Solution File, Format Version 11.00
# Visual Studio 2010
Project("{FAE04EC0-301F-11D3-BF4B-00C04F79EFBC}") = "DICOM Network Analyzer", "DICOM Network Analyzer.csproj", "{EBCDD12E-4CDE-4DE7-BDA9-B41392F4AF12}"
EndProject
Project("{54435603-DBB4-11D2-8724-00A0C9A8B90C}") = "DICOM Network Analyzer Setup", "DICOM Network Analyzer Setup.vdproj", "{098F0600-4E20-4478-B3DF-6F2E405233EF}"
EndProject
Project("{54435603-DBB4-11D2-8724-00A0C9A8B90C}") = "DICOM Network Analyzer Setup without WinPcap", "DICOM Network Analyzer Setup without WinPCap.vdproj", "{B414F73B-D076-4CD5-82AF-61CAB42ACD2E}"
EndProject
Global
	GlobalSection(SolutionConfigurationPlatforms) = preSolution
		Debug|Any CPU = Debug|Any CPU
		Release|Any CPU = Release|Any CPU
	EndGlobalSection
	GlobalSection(ProjectConfigurationPlatforms) = postSolution
		{EBCDD12E-4CDE-4DE7-BDA9-B41392F4AF12}.Debug|Any CPU.ActiveCfg = Debug|x86
		{EBCDD12E-4CDE-4DE7-BDA9-B41392F4AF12}.Debug|Any CPU.Build.0 = Debug|x86
		{EBCDD12E-4CDE-4DE7-BDA9-B41392F4AF12}.Release|Any CPU.ActiveCfg = Release|x86
		{EBCDD12E-4CDE-4DE7-BDA9-B41392F4AF12}.Release|Any CPU.Build.0 = Release|x86
		{098F0600-4E20-4478-B3DF-6F2E405233EF}.Debug|Any CPU.ActiveCfg = Debug
		{098F0600-4E20-4478-B3DF-6F2E405233EF}.Release|Any CPU.ActiveCfg = Release
		{B414F73B-D076-4CD5-82AF-61CAB42ACD2E}.Debug|Any CPU.ActiveCfg = Debug
		{B414F73B-D076-4CD5-82AF-61CAB42ACD2E}.Debug|Any CPU.Build.0 = Debug
		{B414F73B-D076-4CD5-82AF-61CAB42ACD2E}.Release|Any CPU.ActiveCfg = Release
		{B414F73B-D076-4CD5-82AF-61CAB42ACD2E}.Release|Any CPU.Build.0 = Release
	EndGlobalSection
	GlobalSection(SolutionProperties) = preSolution
		HideSolutionNode = FALSE
	EndGlobalSection
EndGlobal
