Microsoft Visual Studio Solution File, Format Version 9.00
# Visual Studio 2005
Project("{FAE04EC0-301F-11D3-BF4B-00C04F79EFBC}") = "DICOM Editor", "DICOM Editor.csproj", "{A32952BD-837D-4710-A488-B495BFBEE297}"
EndProject
Project("{54435603-DBB4-11D2-8724-00A0C9A8B90C}") = "DICOM Editor Setup", "DICOM Editor Setup.vdproj", "{6EA91E9E-9A3F-4F9E-BD51-03F981FFBDC7}"
EndProject
Project("{FAE04EC0-301F-11D3-BF4B-00C04F79EFBC}") = "DVTk", "..\DVTk_Library\Source\Assemblies\DVTk\DVTk.csproj", "{DBC39A1E-18CB-4809-81E0-47B1C899BBE0}"
EndProject
Project("{FAE04EC0-301F-11D3-BF4B-00C04F79EFBC}") = "DVTk Application Layer", "..\DVTk_Library\Source\Assemblies\DVTk Application Layer\DVTk Application Layer.csproj", "{6C70CAF0-D330-4F52-B6CE-71C70DC1600F}"
EndProject
Project("{FAE04EC0-301F-11D3-BF4B-00C04F79EFBC}") = "DVTk Common Data Format", "..\DVTk_Library\Source\Assemblies\DVTk Common Data Format\DVTk Common Data Format.csproj", "{38F9E2D9-BDA9-4D32-95FD-B779B03C32BD}"
EndProject
Project("{FAE04EC0-301F-11D3-BF4B-00C04F79EFBC}") = "DVTk Comparator", "..\DVTk_Library\Source\Assemblies\DVTk Comparator\DVTk Comparator.csproj", "{BE98BF56-A84E-43A4-847F-2AA3E551ADDD}"
EndProject
Project("{FAE04EC0-301F-11D3-BF4B-00C04F79EFBC}") = "DVTk Data", "..\DVTk_Library\Source\Assemblies\DVTk Data\DVTk Data.csproj", "{7DF60C20-4034-49CC-9974-B8443A2BC192}"
EndProject
Project("{FAE04EC0-301F-11D3-BF4B-00C04F79EFBC}") = "DVTk Definition Query Library", "..\DVTk_Library\Source\Assemblies\DVTk Definition Query Library\DVTk Definition Query Library.csproj", "{9285FC6B-9F08-4BCA-85BC-681D22BF22D3}"
EndProject
Project("{FAE04EC0-301F-11D3-BF4B-00C04F79EFBC}") = "DVTk Dicom Emulators", "..\DVTk_Library\Source\Assemblies\DVTk Dicom Emulators\DVTk Dicom Emulators.csproj", "{397501B2-4AE8-4EDA-84BF-905417497B2F}"
EndProject
Project("{FAE04EC0-301F-11D3-BF4B-00C04F79EFBC}") = "DVTk Dicom Unicode Conversion", "..\DVTk_Library\Source\Assemblies\DVTk Dicom Unicode Conversion\DVTk Dicom Unicode Conversion.csproj", "{7EB8141D-851B-478A-9950-D04C96008DC0}"
EndProject
Project("{FAE04EC0-301F-11D3-BF4B-00C04F79EFBC}") = "DVTk High Level Interface", "..\DVTk_Library\Source\Assemblies\DVTk High Level Interface\DVTk High Level Interface.csproj", "{4B34D6B9-D185-4742-A204-70C490500754}"
EndProject
Project("{FAE04EC0-301F-11D3-BF4B-00C04F79EFBC}") = "DVTk Hl7", "..\DVTk_Library\Source\Assemblies\DVTk Hl7\DVTk Hl7.csproj", "{6AA55771-980C-45ED-9CCB-59C83C25815B}"
EndProject
Project("{FAE04EC0-301F-11D3-BF4B-00C04F79EFBC}") = "DVTk Ihe Actors", "..\DVTk_Library\Source\Assemblies\DVTk Ihe Actors\DVTk Ihe Actors.csproj", "{DEDC169F-3FC4-4189-B9F0-169C8DEBC11A}"
EndProject
Project("{FAE04EC0-301F-11D3-BF4B-00C04F79EFBC}") = "DVTk Information Entity", "..\DVTk_Library\Source\Assemblies\DVTk Information Entity\DVTk Information Entity.csproj", "{36BB69F0-A963-49D9-8626-E88A02FE0141}"
EndProject
Project("{FAE04EC0-301F-11D3-BF4B-00C04F79EFBC}") = "DVTk Library", "..\DVTk_Library\Source\Assemblies\DVTk Library\DVTk Library.csproj", "{D9B73161-F820-4642-A688-9A2BF5CB2466}"
EndProject
Project("{8BC9CEB8-8B4A-11D0-8D11-00A0C91BC942}") = "DVTK Managed Code Adapter", "..\DVTk_Library\Source\Assemblies\DVTk Managed Code Adapter\DVTk Managed Code Adapter.vcproj", "{8E50A389-C478-4013-817D-8191C994B602}"
EndProject
Project("{FAE04EC0-301F-11D3-BF4B-00C04F79EFBC}") = "DVTk Script Support", "..\DVTk_Library\Source\Assemblies\DVTk Script Support\DVTk Script Support.csproj", "{D8170A29-9F92-4B3C-8A67-F93704653E8C}"
EndProject
Project("{8BC9CEB8-8B4A-11D0-8D11-00A0C91BC942}") = "Attribute Group", "..\DVTk_Library\Source\Libraries\AttributeGroup\AttributeGroup.vcproj", "{58A5B797-F08B-4837-96CF-FFBDB7CB3F02}"
EndProject
Project("{8BC9CEB8-8B4A-11D0-8D11-00A0C91BC942}") = "Condition", "..\DVTk_Library\Source\Libraries\Condition\Condition.vcproj", "{A7855BD5-03C1-4711-9F44-81D94A4F0F5C}"
EndProject
Project("{8BC9CEB8-8B4A-11D0-8D11-00A0C91BC942}") = "Definition", "..\DVTk_Library\Source\Libraries\Definition\Definition.vcproj", "{DADE89C9-2D7F-4582-BF44-FA656E9E556D}"
EndProject
Project("{8BC9CEB8-8B4A-11D0-8D11-00A0C91BC942}") = "Dicom", "..\DVTk_Library\Source\Libraries\Dicom\Dicom.vcproj", "{FE81B2F3-B574-46AB-A109-8B5A169450C2}"
EndProject
Project("{8BC9CEB8-8B4A-11D0-8D11-00A0C91BC942}") = "Emulator", "..\DVTk_Library\Source\Libraries\Emulator\Emulator.vcproj", "{56D4BCA8-6C2A-4D84-803D-E11FFA8DA9BE}"
EndProject
Project("{8BC9CEB8-8B4A-11D0-8D11-00A0C91BC942}") = "Log", "..\DVTk_Library\Source\Libraries\Log\Log.vcproj", "{B715244C-8258-46D6-B37E-1B85510FCB72}"
EndProject
Project("{8BC9CEB8-8B4A-11D0-8D11-00A0C91BC942}") = "Media", "..\DVTk_Library\Source\Libraries\Media\Media.vcproj", "{A113B569-82A2-4B52-B60A-4797D12D6FBD}"
EndProject
Project("{8BC9CEB8-8B4A-11D0-8D11-00A0C91BC942}") = "Network", "..\DVTk_Library\Source\Libraries\Network\Network.vcproj", "{D3340271-CCBC-428A-B417-4C92F3ED907B}"
EndProject
Project("{8BC9CEB8-8B4A-11D0-8D11-00A0C91BC942}") = "Relation", "..\DVTk_Library\Source\Libraries\Relation\Relation.vcproj", "{AC685071-AAEA-4DBF-9E09-E648F49F8F5B}"
EndProject
Project("{8BC9CEB8-8B4A-11D0-8D11-00A0C91BC942}") = "Scripting", "..\DVTk_Library\Source\Libraries\Scripting\Scripting.vcproj", "{9B01E6D4-F4BD-4CAC-94C7-76037DF6634A}"
EndProject
Project("{8BC9CEB8-8B4A-11D0-8D11-00A0C91BC942}") = "Session", "..\DVTk_Library\Source\Libraries\Session\Session.vcproj", "{C4CBABF1-059C-41CC-B97B-1E046FDE9FED}"
EndProject
Project("{8BC9CEB8-8B4A-11D0-8D11-00A0C91BC942}") = "Utility", "..\DVTk_Library\Source\Libraries\Utility\Utility.vcproj", "{33D7A88E-00EB-4149-8233-26CFFC6987E1}"
EndProject
Project("{8BC9CEB8-8B4A-11D0-8D11-00A0C91BC942}") = "Validation", "..\DVTk_Library\Source\Libraries\Validation\Validation.vcproj", "{DB46B436-C9F8-445A-A820-FCDBF2BD7079}"
EndProject
Project("{8BC9CEB8-8B4A-11D0-8D11-00A0C91BC942}") = "Warehouse", "..\DVTk_Library\Source\Libraries\Warehouse\Warehouse.vcproj", "{0A055C47-2A70-4845-968E-EB5E64DECA2D}"
EndProject
Global
	GlobalSection(SolutionConfigurationPlatforms) = preSolution
		Debug|Any CPU = Debug|Any CPU
		Debug|Mixed Platforms = Debug|Mixed Platforms
		Debug|Win32 = Debug|Win32
		Release|Any CPU = Release|Any CPU
		Release|Mixed Platforms = Release|Mixed Platforms
		Release|Win32 = Release|Win32
	EndGlobalSection
	GlobalSection(ProjectConfigurationPlatforms) = postSolution
		{A32952BD-837D-4710-A488-B495BFBEE297}.Debug|Any CPU.ActiveCfg = Debug|Any CPU
		{A32952BD-837D-4710-A488-B495BFBEE297}.Debug|Any CPU.Build.0 = Debug|Any CPU
		{A32952BD-837D-4710-A488-B495BFBEE297}.Debug|Mixed Platforms.ActiveCfg = Debug|Any CPU
		{A32952BD-837D-4710-A488-B495BFBEE297}.Debug|Mixed Platforms.Build.0 = Debug|Any CPU
		{A32952BD-837D-4710-A488-B495BFBEE297}.Debug|Win32.ActiveCfg = Debug|Any CPU
		{A32952BD-837D-4710-A488-B495BFBEE297}.Release|Any CPU.ActiveCfg = Release|Any CPU
		{A32952BD-837D-4710-A488-B495BFBEE297}.Release|Any CPU.Build.0 = Release|Any CPU
		{A32952BD-837D-4710-A488-B495BFBEE297}.Release|Mixed Platforms.ActiveCfg = Release|Any CPU
		{A32952BD-837D-4710-A488-B495BFBEE297}.Release|Mixed Platforms.Build.0 = Release|Any CPU
		{A32952BD-837D-4710-A488-B495BFBEE297}.Release|Win32.ActiveCfg = Release|Any CPU
		{6EA91E9E-9A3F-4F9E-BD51-03F981FFBDC7}.Debug|Any CPU.ActiveCfg = Debug
		{6EA91E9E-9A3F-4F9E-BD51-03F981FFBDC7}.Debug|Mixed Platforms.ActiveCfg = Debug
		{6EA91E9E-9A3F-4F9E-BD51-03F981FFBDC7}.Debug|Mixed Platforms.Build.0 = Debug
		{6EA91E9E-9A3F-4F9E-BD51-03F981FFBDC7}.Debug|Win32.ActiveCfg = Debug
		{6EA91E9E-9A3F-4F9E-BD51-03F981FFBDC7}.Debug|Win32.Build.0 = Debug
		{6EA91E9E-9A3F-4F9E-BD51-03F981FFBDC7}.Release|Any CPU.ActiveCfg = Release
		{6EA91E9E-9A3F-4F9E-BD51-03F981FFBDC7}.Release|Mixed Platforms.ActiveCfg = Release
		{6EA91E9E-9A3F-4F9E-BD51-03F981FFBDC7}.Release|Mixed Platforms.Build.0 = Release
		{6EA91E9E-9A3F-4F9E-BD51-03F981FFBDC7}.Release|Win32.ActiveCfg = Release
		{6EA91E9E-9A3F-4F9E-BD51-03F981FFBDC7}.Release|Win32.Build.0 = Release
		{DBC39A1E-18CB-4809-81E0-47B1C899BBE0}.Debug|Any CPU.ActiveCfg = Debug|Any CPU
		{DBC39A1E-18CB-4809-81E0-47B1C899BBE0}.Debug|Any CPU.Build.0 = Debug|Any CPU
		{DBC39A1E-18CB-4809-81E0-47B1C899BBE0}.Debug|Mixed Platforms.ActiveCfg = Debug|Any CPU
		{DBC39A1E-18CB-4809-81E0-47B1C899BBE0}.Debug|Mixed Platforms.Build.0 = Debug|Any CPU
		{DBC39A1E-18CB-4809-81E0-47B1C899BBE0}.Debug|Win32.ActiveCfg = Debug|Any CPU
		{DBC39A1E-18CB-4809-81E0-47B1C899BBE0}.Release|Any CPU.ActiveCfg = Release|Any CPU
		{DBC39A1E-18CB-4809-81E0-47B1C899BBE0}.Release|Any CPU.Build.0 = Release|Any CPU
		{DBC39A1E-18CB-4809-81E0-47B1C899BBE0}.Release|Mixed Platforms.ActiveCfg = Release|Any CPU
		{DBC39A1E-18CB-4809-81E0-47B1C899BBE0}.Release|Mixed Platforms.Build.0 = Release|Any CPU
		{DBC39A1E-18CB-4809-81E0-47B1C899BBE0}.Release|Win32.ActiveCfg = Release|Any CPU
		{6C70CAF0-D330-4F52-B6CE-71C70DC1600F}.Debug|Any CPU.ActiveCfg = Debug|Any CPU
		{6C70CAF0-D330-4F52-B6CE-71C70DC1600F}.Debug|Any CPU.Build.0 = Debug|Any CPU
		{6C70CAF0-D330-4F52-B6CE-71C70DC1600F}.Debug|Mixed Platforms.ActiveCfg = Debug|Any CPU
		{6C70CAF0-D330-4F52-B6CE-71C70DC1600F}.Debug|Mixed Platforms.Build.0 = Debug|Any CPU
		{6C70CAF0-D330-4F52-B6CE-71C70DC1600F}.Debug|Win32.ActiveCfg = Debug|Any CPU
		{6C70CAF0-D330-4F52-B6CE-71C70DC1600F}.Release|Any CPU.ActiveCfg = Release|Any CPU
		{6C70CAF0-D330-4F52-B6CE-71C70DC1600F}.Release|Any CPU.Build.0 = Release|Any CPU
		{6C70CAF0-D330-4F52-B6CE-71C70DC1600F}.Release|Mixed Platforms.ActiveCfg = Release|Any CPU
		{6C70CAF0-D330-4F52-B6CE-71C70DC1600F}.Release|Mixed Platforms.Build.0 = Release|Any CPU
		{6C70CAF0-D330-4F52-B6CE-71C70DC1600F}.Release|Win32.ActiveCfg = Release|Any CPU
		{38F9E2D9-BDA9-4D32-95FD-B779B03C32BD}.Debug|Any CPU.ActiveCfg = Debug|Any CPU
		{38F9E2D9-BDA9-4D32-95FD-B779B03C32BD}.Debug|Any CPU.Build.0 = Debug|Any CPU
		{38F9E2D9-BDA9-4D32-95FD-B779B03C32BD}.Debug|Mixed Platforms.ActiveCfg = Debug|Any CPU
		{38F9E2D9-BDA9-4D32-95FD-B779B03C32BD}.Debug|Mixed Platforms.Build.0 = Debug|Any CPU
		{38F9E2D9-BDA9-4D32-95FD-B779B03C32BD}.Debug|Win32.ActiveCfg = Debug|Any CPU
		{38F9E2D9-BDA9-4D32-95FD-B779B03C32BD}.Release|Any CPU.ActiveCfg = Release|Any CPU
		{38F9E2D9-BDA9-4D32-95FD-B779B03C32BD}.Release|Any CPU.Build.0 = Release|Any CPU
		{38F9E2D9-BDA9-4D32-95FD-B779B03C32BD}.Release|Mixed Platforms.ActiveCfg = Release|Any CPU
		{38F9E2D9-BDA9-4D32-95FD-B779B03C32BD}.Release|Mixed Platforms.Build.0 = Release|Any CPU
		{38F9E2D9-BDA9-4D32-95FD-B779B03C32BD}.Release|Win32.ActiveCfg = Release|Any CPU
		{BE98BF56-A84E-43A4-847F-2AA3E551ADDD}.Debug|Any CPU.ActiveCfg = Debug|Any CPU
		{BE98BF56-A84E-43A4-847F-2AA3E551ADDD}.Debug|Any CPU.Build.0 = Debug|Any CPU
		{BE98BF56-A84E-43A4-847F-2AA3E551ADDD}.Debug|Mixed Platforms.ActiveCfg = Debug|Any CPU
		{BE98BF56-A84E-43A4-847F-2AA3E551ADDD}.Debug|Mixed Platforms.Build.0 = Debug|Any CPU
		{BE98BF56-A84E-43A4-847F-2AA3E551ADDD}.Debug|Win32.ActiveCfg = Debug|Any CPU
		{BE98BF56-A84E-43A4-847F-2AA3E551ADDD}.Release|Any CPU.ActiveCfg = Release|Any CPU
		{BE98BF56-A84E-43A4-847F-2AA3E551ADDD}.Release|Any CPU.Build.0 = Release|Any CPU
		{BE98BF56-A84E-43A4-847F-2AA3E551ADDD}.Release|Mixed Platforms.ActiveCfg = Release|Any CPU
		{BE98BF56-A84E-43A4-847F-2AA3E551ADDD}.Release|Mixed Platforms.Build.0 = Release|Any CPU
		{BE98BF56-A84E-43A4-847F-2AA3E551ADDD}.Release|Win32.ActiveCfg = Release|Any CPU
		{7DF60C20-4034-49CC-9974-B8443A2BC192}.Debug|Any CPU.ActiveCfg = Debug|Any CPU
		{7DF60C20-4034-49CC-9974-B8443A2BC192}.Debug|Any CPU.Build.0 = Debug|Any CPU
		{7DF60C20-4034-49CC-9974-B8443A2BC192}.Debug|Mixed Platforms.ActiveCfg = Debug|Any CPU
		{7DF60C20-4034-49CC-9974-B8443A2BC192}.Debug|Mixed Platforms.Build.0 = Debug|Any CPU
		{7DF60C20-4034-49CC-9974-B8443A2BC192}.Debug|Win32.ActiveCfg = Debug|Any CPU
		{7DF60C20-4034-49CC-9974-B8443A2BC192}.Release|Any CPU.ActiveCfg = Release|Any CPU
		{7DF60C20-4034-49CC-9974-B8443A2BC192}.Release|Any CPU.Build.0 = Release|Any CPU
		{7DF60C20-4034-49CC-9974-B8443A2BC192}.Release|Mixed Platforms.ActiveCfg = Release|Any CPU
		{7DF60C20-4034-49CC-9974-B8443A2BC192}.Release|Mixed Platforms.Build.0 = Release|Any CPU
		{7DF60C20-4034-49CC-9974-B8443A2BC192}.Release|Win32.ActiveCfg = Release|Any CPU
		{9285FC6B-9F08-4BCA-85BC-681D22BF22D3}.Debug|Any CPU.ActiveCfg = Debug|Any CPU
		{9285FC6B-9F08-4BCA-85BC-681D22BF22D3}.Debug|Any CPU.Build.0 = Debug|Any CPU
		{9285FC6B-9F08-4BCA-85BC-681D22BF22D3}.Debug|Mixed Platforms.ActiveCfg = Debug|Any CPU
		{9285FC6B-9F08-4BCA-85BC-681D22BF22D3}.Debug|Mixed Platforms.Build.0 = Debug|Any CPU
		{9285FC6B-9F08-4BCA-85BC-681D22BF22D3}.Debug|Win32.ActiveCfg = Debug|Any CPU
		{9285FC6B-9F08-4BCA-85BC-681D22BF22D3}.Release|Any CPU.ActiveCfg = Release|Any CPU
		{9285FC6B-9F08-4BCA-85BC-681D22BF22D3}.Release|Any CPU.Build.0 = Release|Any CPU
		{9285FC6B-9F08-4BCA-85BC-681D22BF22D3}.Release|Mixed Platforms.ActiveCfg = Release|Any CPU
		{9285FC6B-9F08-4BCA-85BC-681D22BF22D3}.Release|Mixed Platforms.Build.0 = Release|Any CPU
		{9285FC6B-9F08-4BCA-85BC-681D22BF22D3}.Release|Win32.ActiveCfg = Release|Any CPU
		{397501B2-4AE8-4EDA-84BF-905417497B2F}.Debug|Any CPU.ActiveCfg = Debug|Any CPU
		{397501B2-4AE8-4EDA-84BF-905417497B2F}.Debug|Any CPU.Build.0 = Debug|Any CPU
		{397501B2-4AE8-4EDA-84BF-905417497B2F}.Debug|Mixed Platforms.ActiveCfg = Debug|Any CPU
		{397501B2-4AE8-4EDA-84BF-905417497B2F}.Debug|Mixed Platforms.Build.0 = Debug|Any CPU
		{397501B2-4AE8-4EDA-84BF-905417497B2F}.Debug|Win32.ActiveCfg = Debug|Any CPU
		{397501B2-4AE8-4EDA-84BF-905417497B2F}.Release|Any CPU.ActiveCfg = Release|Any CPU
		{397501B2-4AE8-4EDA-84BF-905417497B2F}.Release|Any CPU.Build.0 = Release|Any CPU
		{397501B2-4AE8-4EDA-84BF-905417497B2F}.Release|Mixed Platforms.ActiveCfg = Release|Any CPU
		{397501B2-4AE8-4EDA-84BF-905417497B2F}.Release|Mixed Platforms.Build.0 = Release|Any CPU
		{397501B2-4AE8-4EDA-84BF-905417497B2F}.Release|Win32.ActiveCfg = Release|Any CPU
		{7EB8141D-851B-478A-9950-D04C96008DC0}.Debug|Any CPU.ActiveCfg = Debug|Any CPU
		{7EB8141D-851B-478A-9950-D04C96008DC0}.Debug|Any CPU.Build.0 = Debug|Any CPU
		{7EB8141D-851B-478A-9950-D04C96008DC0}.Debug|Mixed Platforms.ActiveCfg = Debug|Any CPU
		{7EB8141D-851B-478A-9950-D04C96008DC0}.Debug|Mixed Platforms.Build.0 = Debug|Any CPU
		{7EB8141D-851B-478A-9950-D04C96008DC0}.Debug|Win32.ActiveCfg = Debug|Any CPU
		{7EB8141D-851B-478A-9950-D04C96008DC0}.Release|Any CPU.ActiveCfg = Release|Any CPU
		{7EB8141D-851B-478A-9950-D04C96008DC0}.Release|Any CPU.Build.0 = Release|Any CPU
		{7EB8141D-851B-478A-9950-D04C96008DC0}.Release|Mixed Platforms.ActiveCfg = Release|Any CPU
		{7EB8141D-851B-478A-9950-D04C96008DC0}.Release|Mixed Platforms.Build.0 = Release|Any CPU
		{7EB8141D-851B-478A-9950-D04C96008DC0}.Release|Win32.ActiveCfg = Release|Any CPU
		{4B34D6B9-D185-4742-A204-70C490500754}.Debug|Any CPU.ActiveCfg = Debug|Any CPU
		{4B34D6B9-D185-4742-A204-70C490500754}.Debug|Any CPU.Build.0 = Debug|Any CPU
		{4B34D6B9-D185-4742-A204-70C490500754}.Debug|Mixed Platforms.ActiveCfg = Debug|Any CPU
		{4B34D6B9-D185-4742-A204-70C490500754}.Debug|Mixed Platforms.Build.0 = Debug|Any CPU
		{4B34D6B9-D185-4742-A204-70C490500754}.Debug|Win32.ActiveCfg = Debug|Any CPU
		{4B34D6B9-D185-4742-A204-70C490500754}.Release|Any CPU.ActiveCfg = Release|Any CPU
		{4B34D6B9-D185-4742-A204-70C490500754}.Release|Any CPU.Build.0 = Release|Any CPU
		{4B34D6B9-D185-4742-A204-70C490500754}.Release|Mixed Platforms.ActiveCfg = Release|Any CPU
		{4B34D6B9-D185-4742-A204-70C490500754}.Release|Mixed Platforms.Build.0 = Release|Any CPU
		{4B34D6B9-D185-4742-A204-70C490500754}.Release|Win32.ActiveCfg = Release|Any CPU
		{6AA55771-980C-45ED-9CCB-59C83C25815B}.Debug|Any CPU.ActiveCfg = Debug|Any CPU
		{6AA55771-980C-45ED-9CCB-59C83C25815B}.Debug|Any CPU.Build.0 = Debug|Any CPU
		{6AA55771-980C-45ED-9CCB-59C83C25815B}.Debug|Mixed Platforms.ActiveCfg = Debug|Any CPU
		{6AA55771-980C-45ED-9CCB-59C83C25815B}.Debug|Mixed Platforms.Build.0 = Debug|Any CPU
		{6AA55771-980C-45ED-9CCB-59C83C25815B}.Debug|Win32.ActiveCfg = Debug|Any CPU
		{6AA55771-980C-45ED-9CCB-59C83C25815B}.Release|Any CPU.ActiveCfg = Release|Any CPU
		{6AA55771-980C-45ED-9CCB-59C83C25815B}.Release|Any CPU.Build.0 = Release|Any CPU
		{6AA55771-980C-45ED-9CCB-59C83C25815B}.Release|Mixed Platforms.ActiveCfg = Release|Any CPU
		{6AA55771-980C-45ED-9CCB-59C83C25815B}.Release|Mixed Platforms.Build.0 = Release|Any CPU
		{6AA55771-980C-45ED-9CCB-59C83C25815B}.Release|Win32.ActiveCfg = Release|Any CPU
		{DEDC169F-3FC4-4189-B9F0-169C8DEBC11A}.Debug|Any CPU.ActiveCfg = Debug|Any CPU
		{DEDC169F-3FC4-4189-B9F0-169C8DEBC11A}.Debug|Any CPU.Build.0 = Debug|Any CPU
		{DEDC169F-3FC4-4189-B9F0-169C8DEBC11A}.Debug|Mixed Platforms.ActiveCfg = Debug|Any CPU
		{DEDC169F-3FC4-4189-B9F0-169C8DEBC11A}.Debug|Mixed Platforms.Build.0 = Debug|Any CPU
		{DEDC169F-3FC4-4189-B9F0-169C8DEBC11A}.Debug|Win32.ActiveCfg = Debug|Any CPU
		{DEDC169F-3FC4-4189-B9F0-169C8DEBC11A}.Release|Any CPU.ActiveCfg = Release|Any CPU
		{DEDC169F-3FC4-4189-B9F0-169C8DEBC11A}.Release|Any CPU.Build.0 = Release|Any CPU
		{DEDC169F-3FC4-4189-B9F0-169C8DEBC11A}.Release|Mixed Platforms.ActiveCfg = Release|Any CPU
		{DEDC169F-3FC4-4189-B9F0-169C8DEBC11A}.Release|Mixed Platforms.Build.0 = Release|Any CPU
		{DEDC169F-3FC4-4189-B9F0-169C8DEBC11A}.Release|Win32.ActiveCfg = Release|Any CPU
		{36BB69F0-A963-49D9-8626-E88A02FE0141}.Debug|Any CPU.ActiveCfg = Debug|Any CPU
		{36BB69F0-A963-49D9-8626-E88A02FE0141}.Debug|Any CPU.Build.0 = Debug|Any CPU
		{36BB69F0-A963-49D9-8626-E88A02FE0141}.Debug|Mixed Platforms.ActiveCfg = Debug|Any CPU
		{36BB69F0-A963-49D9-8626-E88A02FE0141}.Debug|Mixed Platforms.Build.0 = Debug|Any CPU
		{36BB69F0-A963-49D9-8626-E88A02FE0141}.Debug|Win32.ActiveCfg = Debug|Any CPU
		{36BB69F0-A963-49D9-8626-E88A02FE0141}.Release|Any CPU.ActiveCfg = Release|Any CPU
		{36BB69F0-A963-49D9-8626-E88A02FE0141}.Release|Any CPU.Build.0 = Release|Any CPU
		{36BB69F0-A963-49D9-8626-E88A02FE0141}.Release|Mixed Platforms.ActiveCfg = Release|Any CPU
		{36BB69F0-A963-49D9-8626-E88A02FE0141}.Release|Mixed Platforms.Build.0 = Release|Any CPU
		{36BB69F0-A963-49D9-8626-E88A02FE0141}.Release|Win32.ActiveCfg = Release|Any CPU
		{D9B73161-F820-4642-A688-9A2BF5CB2466}.Debug|Any CPU.ActiveCfg = Debug|Any CPU
		{D9B73161-F820-4642-A688-9A2BF5CB2466}.Debug|Any CPU.Build.0 = Debug|Any CPU
		{D9B73161-F820-4642-A688-9A2BF5CB2466}.Debug|Mixed Platforms.ActiveCfg = Debug|Any CPU
		{D9B73161-F820-4642-A688-9A2BF5CB2466}.Debug|Mixed Platforms.Build.0 = Debug|Any CPU
		{D9B73161-F820-4642-A688-9A2BF5CB2466}.Debug|Win32.ActiveCfg = Debug|Any CPU
		{D9B73161-F820-4642-A688-9A2BF5CB2466}.Release|Any CPU.ActiveCfg = Release|Any CPU
		{D9B73161-F820-4642-A688-9A2BF5CB2466}.Release|Any CPU.Build.0 = Release|Any CPU
		{D9B73161-F820-4642-A688-9A2BF5CB2466}.Release|Mixed Platforms.ActiveCfg = Release|Any CPU
		{D9B73161-F820-4642-A688-9A2BF5CB2466}.Release|Mixed Platforms.Build.0 = Release|Any CPU
		{D9B73161-F820-4642-A688-9A2BF5CB2466}.Release|Win32.ActiveCfg = Release|Any CPU
		{8E50A389-C478-4013-817D-8191C994B602}.Debug|Any CPU.ActiveCfg = Debug|Win32
		{8E50A389-C478-4013-817D-8191C994B602}.Debug|Mixed Platforms.ActiveCfg = Debug|Win32
		{8E50A389-C478-4013-817D-8191C994B602}.Debug|Mixed Platforms.Build.0 = Debug|Win32
		{8E50A389-C478-4013-817D-8191C994B602}.Debug|Win32.ActiveCfg = Debug|Win32
		{8E50A389-C478-4013-817D-8191C994B602}.Debug|Win32.Build.0 = Debug|Win32
		{8E50A389-C478-4013-817D-8191C994B602}.Release|Any CPU.ActiveCfg = Release|Win32
		{8E50A389-C478-4013-817D-8191C994B602}.Release|Mixed Platforms.ActiveCfg = Release|Win32
		{8E50A389-C478-4013-817D-8191C994B602}.Release|Mixed Platforms.Build.0 = Release|Win32
		{8E50A389-C478-4013-817D-8191C994B602}.Release|Win32.ActiveCfg = Release|Win32
		{8E50A389-C478-4013-817D-8191C994B602}.Release|Win32.Build.0 = Release|Win32
		{D8170A29-9F92-4B3C-8A67-F93704653E8C}.Debug|Any CPU.ActiveCfg = Debug|Any CPU
		{D8170A29-9F92-4B3C-8A67-F93704653E8C}.Debug|Any CPU.Build.0 = Debug|Any CPU
		{D8170A29-9F92-4B3C-8A67-F93704653E8C}.Debug|Mixed Platforms.ActiveCfg = Debug|Any CPU
		{D8170A29-9F92-4B3C-8A67-F93704653E8C}.Debug|Mixed Platforms.Build.0 = Debug|Any CPU
		{D8170A29-9F92-4B3C-8A67-F93704653E8C}.Debug|Win32.ActiveCfg = Debug|Any CPU
		{D8170A29-9F92-4B3C-8A67-F93704653E8C}.Release|Any CPU.ActiveCfg = Release|Any CPU
		{D8170A29-9F92-4B3C-8A67-F93704653E8C}.Release|Any CPU.Build.0 = Release|Any CPU
		{D8170A29-9F92-4B3C-8A67-F93704653E8C}.Release|Mixed Platforms.ActiveCfg = Release|Any CPU
		{D8170A29-9F92-4B3C-8A67-F93704653E8C}.Release|Mixed Platforms.Build.0 = Release|Any CPU
		{D8170A29-9F92-4B3C-8A67-F93704653E8C}.Release|Win32.ActiveCfg = Release|Any CPU
		{58A5B797-F08B-4837-96CF-FFBDB7CB3F02}.Debug|Any CPU.ActiveCfg = Debug|Win32
		{58A5B797-F08B-4837-96CF-FFBDB7CB3F02}.Debug|Mixed Platforms.ActiveCfg = Debug|Win32
		{58A5B797-F08B-4837-96CF-FFBDB7CB3F02}.Debug|Mixed Platforms.Build.0 = Debug|Win32
		{58A5B797-F08B-4837-96CF-FFBDB7CB3F02}.Debug|Win32.ActiveCfg = Debug|Win32
		{58A5B797-F08B-4837-96CF-FFBDB7CB3F02}.Debug|Win32.Build.0 = Debug|Win32
		{58A5B797-F08B-4837-96CF-FFBDB7CB3F02}.Release|Any CPU.ActiveCfg = Release|Win32
		{58A5B797-F08B-4837-96CF-FFBDB7CB3F02}.Release|Mixed Platforms.ActiveCfg = Release|Win32
		{58A5B797-F08B-4837-96CF-FFBDB7CB3F02}.Release|Mixed Platforms.Build.0 = Release|Win32
		{58A5B797-F08B-4837-96CF-FFBDB7CB3F02}.Release|Win32.ActiveCfg = Release|Win32
		{58A5B797-F08B-4837-96CF-FFBDB7CB3F02}.Release|Win32.Build.0 = Release|Win32
		{A7855BD5-03C1-4711-9F44-81D94A4F0F5C}.Debug|Any CPU.ActiveCfg = Debug|Win32
		{A7855BD5-03C1-4711-9F44-81D94A4F0F5C}.Debug|Mixed Platforms.ActiveCfg = Debug|Win32
		{A7855BD5-03C1-4711-9F44-81D94A4F0F5C}.Debug|Mixed Platforms.Build.0 = Debug|Win32
		{A7855BD5-03C1-4711-9F44-81D94A4F0F5C}.Debug|Win32.ActiveCfg = Debug|Win32
		{A7855BD5-03C1-4711-9F44-81D94A4F0F5C}.Debug|Win32.Build.0 = Debug|Win32
		{A7855BD5-03C1-4711-9F44-81D94A4F0F5C}.Release|Any CPU.ActiveCfg = Release|Win32
		{A7855BD5-03C1-4711-9F44-81D94A4F0F5C}.Release|Mixed Platforms.ActiveCfg = Release|Win32
		{A7855BD5-03C1-4711-9F44-81D94A4F0F5C}.Release|Mixed Platforms.Build.0 = Release|Win32
		{A7855BD5-03C1-4711-9F44-81D94A4F0F5C}.Release|Win32.ActiveCfg = Release|Win32
		{A7855BD5-03C1-4711-9F44-81D94A4F0F5C}.Release|Win32.Build.0 = Release|Win32
		{DADE89C9-2D7F-4582-BF44-FA656E9E556D}.Debug|Any CPU.ActiveCfg = Debug|Win32
		{DADE89C9-2D7F-4582-BF44-FA656E9E556D}.Debug|Mixed Platforms.ActiveCfg = Debug|Win32
		{DADE89C9-2D7F-4582-BF44-FA656E9E556D}.Debug|Mixed Platforms.Build.0 = Debug|Win32
		{DADE89C9-2D7F-4582-BF44-FA656E9E556D}.Debug|Win32.ActiveCfg = Debug|Win32
		{DADE89C9-2D7F-4582-BF44-FA656E9E556D}.Debug|Win32.Build.0 = Debug|Win32
		{DADE89C9-2D7F-4582-BF44-FA656E9E556D}.Release|Any CPU.ActiveCfg = Release|Win32
		{DADE89C9-2D7F-4582-BF44-FA656E9E556D}.Release|Mixed Platforms.ActiveCfg = Release|Win32
		{DADE89C9-2D7F-4582-BF44-FA656E9E556D}.Release|Mixed Platforms.Build.0 = Release|Win32
		{DADE89C9-2D7F-4582-BF44-FA656E9E556D}.Release|Win32.ActiveCfg = Release|Win32
		{DADE89C9-2D7F-4582-BF44-FA656E9E556D}.Release|Win32.Build.0 = Release|Win32
		{FE81B2F3-B574-46AB-A109-8B5A169450C2}.Debug|Any CPU.ActiveCfg = Debug|Win32
		{FE81B2F3-B574-46AB-A109-8B5A169450C2}.Debug|Mixed Platforms.ActiveCfg = Debug|Win32
		{FE81B2F3-B574-46AB-A109-8B5A169450C2}.Debug|Mixed Platforms.Build.0 = Debug|Win32
		{FE81B2F3-B574-46AB-A109-8B5A169450C2}.Debug|Win32.ActiveCfg = Debug|Win32
		{FE81B2F3-B574-46AB-A109-8B5A169450C2}.Debug|Win32.Build.0 = Debug|Win32
		{FE81B2F3-B574-46AB-A109-8B5A169450C2}.Release|Any CPU.ActiveCfg = Release|Win32
		{FE81B2F3-B574-46AB-A109-8B5A169450C2}.Release|Mixed Platforms.ActiveCfg = Release|Win32
		{FE81B2F3-B574-46AB-A109-8B5A169450C2}.Release|Mixed Platforms.Build.0 = Release|Win32
		{FE81B2F3-B574-46AB-A109-8B5A169450C2}.Release|Win32.ActiveCfg = Release|Win32
		{FE81B2F3-B574-46AB-A109-8B5A169450C2}.Release|Win32.Build.0 = Release|Win32
		{56D4BCA8-6C2A-4D84-803D-E11FFA8DA9BE}.Debug|Any CPU.ActiveCfg = Debug|Win32
		{56D4BCA8-6C2A-4D84-803D-E11FFA8DA9BE}.Debug|Mixed Platforms.ActiveCfg = Debug|Win32
		{56D4BCA8-6C2A-4D84-803D-E11FFA8DA9BE}.Debug|Mixed Platforms.Build.0 = Debug|Win32
		{56D4BCA8-6C2A-4D84-803D-E11FFA8DA9BE}.Debug|Win32.ActiveCfg = Debug|Win32
		{56D4BCA8-6C2A-4D84-803D-E11FFA8DA9BE}.Debug|Win32.Build.0 = Debug|Win32
		{56D4BCA8-6C2A-4D84-803D-E11FFA8DA9BE}.Release|Any CPU.ActiveCfg = Release|Win32
		{56D4BCA8-6C2A-4D84-803D-E11FFA8DA9BE}.Release|Mixed Platforms.ActiveCfg = Release|Win32
		{56D4BCA8-6C2A-4D84-803D-E11FFA8DA9BE}.Release|Mixed Platforms.Build.0 = Release|Win32
		{56D4BCA8-6C2A-4D84-803D-E11FFA8DA9BE}.Release|Win32.ActiveCfg = Release|Win32
		{56D4BCA8-6C2A-4D84-803D-E11FFA8DA9BE}.Release|Win32.Build.0 = Release|Win32
		{B715244C-8258-46D6-B37E-1B85510FCB72}.Debug|Any CPU.ActiveCfg = Debug|Win32
		{B715244C-8258-46D6-B37E-1B85510FCB72}.Debug|Mixed Platforms.ActiveCfg = Debug|Win32
		{B715244C-8258-46D6-B37E-1B85510FCB72}.Debug|Mixed Platforms.Build.0 = Debug|Win32
		{B715244C-8258-46D6-B37E-1B85510FCB72}.Debug|Win32.ActiveCfg = Debug|Win32
		{B715244C-8258-46D6-B37E-1B85510FCB72}.Debug|Win32.Build.0 = Debug|Win32
		{B715244C-8258-46D6-B37E-1B85510FCB72}.Release|Any CPU.ActiveCfg = Release|Win32
		{B715244C-8258-46D6-B37E-1B85510FCB72}.Release|Mixed Platforms.ActiveCfg = Release|Win32
		{B715244C-8258-46D6-B37E-1B85510FCB72}.Release|Mixed Platforms.Build.0 = Release|Win32
		{B715244C-8258-46D6-B37E-1B85510FCB72}.Release|Win32.ActiveCfg = Release|Win32
		{B715244C-8258-46D6-B37E-1B85510FCB72}.Release|Win32.Build.0 = Release|Win32
		{A113B569-82A2-4B52-B60A-4797D12D6FBD}.Debug|Any CPU.ActiveCfg = Debug|Win32
		{A113B569-82A2-4B52-B60A-4797D12D6FBD}.Debug|Mixed Platforms.ActiveCfg = Debug|Win32
		{A113B569-82A2-4B52-B60A-4797D12D6FBD}.Debug|Mixed Platforms.Build.0 = Debug|Win32
		{A113B569-82A2-4B52-B60A-4797D12D6FBD}.Debug|Win32.ActiveCfg = Debug|Win32
		{A113B569-82A2-4B52-B60A-4797D12D6FBD}.Debug|Win32.Build.0 = Debug|Win32
		{A113B569-82A2-4B52-B60A-4797D12D6FBD}.Release|Any CPU.ActiveCfg = Release|Win32
		{A113B569-82A2-4B52-B60A-4797D12D6FBD}.Release|Mixed Platforms.ActiveCfg = Release|Win32
		{A113B569-82A2-4B52-B60A-4797D12D6FBD}.Release|Mixed Platforms.Build.0 = Release|Win32
		{A113B569-82A2-4B52-B60A-4797D12D6FBD}.Release|Win32.ActiveCfg = Release|Win32
		{A113B569-82A2-4B52-B60A-4797D12D6FBD}.Release|Win32.Build.0 = Release|Win32
		{D3340271-CCBC-428A-B417-4C92F3ED907B}.Debug|Any CPU.ActiveCfg = Debug|Win32
		{D3340271-CCBC-428A-B417-4C92F3ED907B}.Debug|Mixed Platforms.ActiveCfg = Debug|Win32
		{D3340271-CCBC-428A-B417-4C92F3ED907B}.Debug|Mixed Platforms.Build.0 = Debug|Win32
		{D3340271-CCBC-428A-B417-4C92F3ED907B}.Debug|Win32.ActiveCfg = Debug|Win32
		{D3340271-CCBC-428A-B417-4C92F3ED907B}.Debug|Win32.Build.0 = Debug|Win32
		{D3340271-CCBC-428A-B417-4C92F3ED907B}.Release|Any CPU.ActiveCfg = Release|Win32
		{D3340271-CCBC-428A-B417-4C92F3ED907B}.Release|Mixed Platforms.ActiveCfg = Release|Win32
		{D3340271-CCBC-428A-B417-4C92F3ED907B}.Release|Mixed Platforms.Build.0 = Release|Win32
		{D3340271-CCBC-428A-B417-4C92F3ED907B}.Release|Win32.ActiveCfg = Release|Win32
		{D3340271-CCBC-428A-B417-4C92F3ED907B}.Release|Win32.Build.0 = Release|Win32
		{AC685071-AAEA-4DBF-9E09-E648F49F8F5B}.Debug|Any CPU.ActiveCfg = Debug|Win32
		{AC685071-AAEA-4DBF-9E09-E648F49F8F5B}.Debug|Mixed Platforms.ActiveCfg = Debug|Win32
		{AC685071-AAEA-4DBF-9E09-E648F49F8F5B}.Debug|Mixed Platforms.Build.0 = Debug|Win32
		{AC685071-AAEA-4DBF-9E09-E648F49F8F5B}.Debug|Win32.ActiveCfg = Debug|Win32
		{AC685071-AAEA-4DBF-9E09-E648F49F8F5B}.Debug|Win32.Build.0 = Debug|Win32
		{AC685071-AAEA-4DBF-9E09-E648F49F8F5B}.Release|Any CPU.ActiveCfg = Release|Win32
		{AC685071-AAEA-4DBF-9E09-E648F49F8F5B}.Release|Mixed Platforms.ActiveCfg = Release|Win32
		{AC685071-AAEA-4DBF-9E09-E648F49F8F5B}.Release|Mixed Platforms.Build.0 = Release|Win32
		{AC685071-AAEA-4DBF-9E09-E648F49F8F5B}.Release|Win32.ActiveCfg = Release|Win32
		{AC685071-AAEA-4DBF-9E09-E648F49F8F5B}.Release|Win32.Build.0 = Release|Win32
		{9B01E6D4-F4BD-4CAC-94C7-76037DF6634A}.Debug|Any CPU.ActiveCfg = Debug|Win32
		{9B01E6D4-F4BD-4CAC-94C7-76037DF6634A}.Debug|Mixed Platforms.ActiveCfg = Debug|Win32
		{9B01E6D4-F4BD-4CAC-94C7-76037DF6634A}.Debug|Mixed Platforms.Build.0 = Debug|Win32
		{9B01E6D4-F4BD-4CAC-94C7-76037DF6634A}.Debug|Win32.ActiveCfg = Debug|Win32
		{9B01E6D4-F4BD-4CAC-94C7-76037DF6634A}.Debug|Win32.Build.0 = Debug|Win32
		{9B01E6D4-F4BD-4CAC-94C7-76037DF6634A}.Release|Any CPU.ActiveCfg = Release|Win32
		{9B01E6D4-F4BD-4CAC-94C7-76037DF6634A}.Release|Mixed Platforms.ActiveCfg = Release|Win32
		{9B01E6D4-F4BD-4CAC-94C7-76037DF6634A}.Release|Mixed Platforms.Build.0 = Release|Win32
		{9B01E6D4-F4BD-4CAC-94C7-76037DF6634A}.Release|Win32.ActiveCfg = Release|Win32
		{9B01E6D4-F4BD-4CAC-94C7-76037DF6634A}.Release|Win32.Build.0 = Release|Win32
		{C4CBABF1-059C-41CC-B97B-1E046FDE9FED}.Debug|Any CPU.ActiveCfg = Debug|Win32
		{C4CBABF1-059C-41CC-B97B-1E046FDE9FED}.Debug|Mixed Platforms.ActiveCfg = Debug|Win32
		{C4CBABF1-059C-41CC-B97B-1E046FDE9FED}.Debug|Mixed Platforms.Build.0 = Debug|Win32
		{C4CBABF1-059C-41CC-B97B-1E046FDE9FED}.Debug|Win32.ActiveCfg = Debug|Win32
		{C4CBABF1-059C-41CC-B97B-1E046FDE9FED}.Debug|Win32.Build.0 = Debug|Win32
		{C4CBABF1-059C-41CC-B97B-1E046FDE9FED}.Release|Any CPU.ActiveCfg = Release|Win32
		{C4CBABF1-059C-41CC-B97B-1E046FDE9FED}.Release|Mixed Platforms.ActiveCfg = Release|Win32
		{C4CBABF1-059C-41CC-B97B-1E046FDE9FED}.Release|Mixed Platforms.Build.0 = Release|Win32
		{C4CBABF1-059C-41CC-B97B-1E046FDE9FED}.Release|Win32.ActiveCfg = Release|Win32
		{C4CBABF1-059C-41CC-B97B-1E046FDE9FED}.Release|Win32.Build.0 = Release|Win32
		{33D7A88E-00EB-4149-8233-26CFFC6987E1}.Debug|Any CPU.ActiveCfg = Debug|Win32
		{33D7A88E-00EB-4149-8233-26CFFC6987E1}.Debug|Mixed Platforms.ActiveCfg = Debug|Win32
		{33D7A88E-00EB-4149-8233-26CFFC6987E1}.Debug|Mixed Platforms.Build.0 = Debug|Win32
		{33D7A88E-00EB-4149-8233-26CFFC6987E1}.Debug|Win32.ActiveCfg = Debug|Win32
		{33D7A88E-00EB-4149-8233-26CFFC6987E1}.Debug|Win32.Build.0 = Debug|Win32
		{33D7A88E-00EB-4149-8233-26CFFC6987E1}.Release|Any CPU.ActiveCfg = Release|Win32
		{33D7A88E-00EB-4149-8233-26CFFC6987E1}.Release|Mixed Platforms.ActiveCfg = Release|Win32
		{33D7A88E-00EB-4149-8233-26CFFC6987E1}.Release|Mixed Platforms.Build.0 = Release|Win32
		{33D7A88E-00EB-4149-8233-26CFFC6987E1}.Release|Win32.ActiveCfg = Release|Win32
		{33D7A88E-00EB-4149-8233-26CFFC6987E1}.Release|Win32.Build.0 = Release|Win32
		{DB46B436-C9F8-445A-A820-FCDBF2BD7079}.Debug|Any CPU.ActiveCfg = Debug|Win32
		{DB46B436-C9F8-445A-A820-FCDBF2BD7079}.Debug|Mixed Platforms.ActiveCfg = Debug|Win32
		{DB46B436-C9F8-445A-A820-FCDBF2BD7079}.Debug|Mixed Platforms.Build.0 = Debug|Win32
		{DB46B436-C9F8-445A-A820-FCDBF2BD7079}.Debug|Win32.ActiveCfg = Debug|Win32
		{DB46B436-C9F8-445A-A820-FCDBF2BD7079}.Debug|Win32.Build.0 = Debug|Win32
		{DB46B436-C9F8-445A-A820-FCDBF2BD7079}.Release|Any CPU.ActiveCfg = Release|Win32
		{DB46B436-C9F8-445A-A820-FCDBF2BD7079}.Release|Mixed Platforms.ActiveCfg = Release|Win32
		{DB46B436-C9F8-445A-A820-FCDBF2BD7079}.Release|Mixed Platforms.Build.0 = Release|Win32
		{DB46B436-C9F8-445A-A820-FCDBF2BD7079}.Release|Win32.ActiveCfg = Release|Win32
		{DB46B436-C9F8-445A-A820-FCDBF2BD7079}.Release|Win32.Build.0 = Release|Win32
		{0A055C47-2A70-4845-968E-EB5E64DECA2D}.Debug|Any CPU.ActiveCfg = Debug|Win32
		{0A055C47-2A70-4845-968E-EB5E64DECA2D}.Debug|Mixed Platforms.ActiveCfg = Debug|Win32
		{0A055C47-2A70-4845-968E-EB5E64DECA2D}.Debug|Mixed Platforms.Build.0 = Debug|Win32
		{0A055C47-2A70-4845-968E-EB5E64DECA2D}.Debug|Win32.ActiveCfg = Debug|Win32
		{0A055C47-2A70-4845-968E-EB5E64DECA2D}.Debug|Win32.Build.0 = Debug|Win32
		{0A055C47-2A70-4845-968E-EB5E64DECA2D}.Release|Any CPU.ActiveCfg = Release|Win32
		{0A055C47-2A70-4845-968E-EB5E64DECA2D}.Release|Mixed Platforms.ActiveCfg = Release|Win32
		{0A055C47-2A70-4845-968E-EB5E64DECA2D}.Release|Mixed Platforms.Build.0 = Release|Win32
		{0A055C47-2A70-4845-968E-EB5E64DECA2D}.Release|Win32.ActiveCfg = Release|Win32
		{0A055C47-2A70-4845-968E-EB5E64DECA2D}.Release|Win32.Build.0 = Release|Win32
	EndGlobalSection
	GlobalSection(SolutionProperties) = preSolution
		HideSolutionNode = FALSE
	EndGlobalSection
EndGlobal
