Microsoft Visual Studio Solution File, Format Version 11.00
# Visual Studio 2010
Project("{FAE04EC0-301F-11D3-BF4B-00C04F79EFBC}") = "DICOM Editor", "DICOM Editor.csproj", "{A32952BD-837D-4710-A488-B495BFBEE297}"
EndProject
Project("{54435603-DBB4-11D2-8724-00A0C9A8B90C}") = "DICOM Editor Setup", "DICOM Editor Setup.vdproj", "{6EA91E9E-9A3F-4F9E-BD51-03F981FFBDC7}"
EndProject
Global
	GlobalSection(SolutionConfigurationPlatforms) = preSolution
		Debug|Any CPU = Debug|Any CPU
		Release|Any CPU = Release|Any CPU
	EndGlobalSection
	GlobalSection(ProjectConfigurationPlatforms) = postSolution
		{A32952BD-837D-4710-A488-B495BFBEE297}.Debug|Any CPU.ActiveCfg = Debug|x86
		{A32952BD-837D-4710-A488-B495BFBEE297}.Debug|Any CPU.Build.0 = Debug|x86
		{A32952BD-837D-4710-A488-B495BFBEE297}.Release|Any CPU.ActiveCfg = Release|x86
		{A32952BD-837D-4710-A488-B495BFBEE297}.Release|Any CPU.Build.0 = Release|x86
		{6EA91E9E-9A3F-4F9E-BD51-03F981FFBDC7}.Debug|Any CPU.ActiveCfg = Debug
		{6EA91E9E-9A3F-4F9E-BD51-03F981FFBDC7}.Release|Any CPU.ActiveCfg = Release
	EndGlobalSection
	GlobalSection(SolutionProperties) = preSolution
		HideSolutionNode = FALSE
	EndGlobalSection
EndGlobal
