<?xml version="1.0" encoding="utf-8"?>
<Project ToolsVersion="4.0" xmlns="http://schemas.microsoft.com/developer/msbuild/2003">
  <ItemGroup>
    <Filter Include="Source Files">
      <UniqueIdentifier>{778b0150-200f-4605-b16c-a156171683f2}</UniqueIdentifier>
      <Extensions>cpp;c;cxx;rc;def;r;odl;idl;hpj;bat</Extensions>
    </Filter>
    <Filter Include="Header Files">
      <UniqueIdentifier>{25ae2382-1f16-4d78-99a9-1bf1f62dbd0d}</UniqueIdentifier>
      <Extensions>h;hpp;hxx;hm;inl</Extensions>
    </Filter>
  </ItemGroup>
  <ItemGroup>
    <ClCompile Include="commit_scp_emulator.cpp">
      <Filter>Source Files</Filter>
    </ClCompile>
    <ClCompile Include="commitment.cpp">
      <Filter>Source Files</Filter>
    </ClCompile>
    <ClCompile Include="emulator.cpp">
      <Filter>Source Files</Filter>
    </ClCompile>
    <ClCompile Include="image_display_file.cpp">
      <Filter>Source Files</Filter>
    </ClCompile>
    <ClCompile Include="imagedisplay_lex.cpp">
      <Filter>Source Files</Filter>
    </ClCompile>
    <ClCompile Include="imagedisplay_parse.cpp">
      <Filter>Source Files</Filter>
    </ClCompile>
    <ClCompile Include="mpps_scp_emulator.cpp">
      <Filter>Source Files</Filter>
    </ClCompile>
    <ClCompile Include="print.cpp">
      <Filter>Source Files</Filter>
    </ClCompile>
    <ClCompile Include="print_emulator.cpp">
      <Filter>Source Files</Filter>
    </ClCompile>
    <ClCompile Include="qr_scp_emulator.cpp">
      <Filter>Source Files</Filter>
    </ClCompile>
    <ClCompile Include="storage_emulator.cpp">
      <Filter>Source Files</Filter>
    </ClCompile>
    <ClCompile Include="storage_scu_emulator.cpp">
      <Filter>Source Files</Filter>
    </ClCompile>
    <ClCompile Include="worklist_scp_emulator.cpp">
      <Filter>Source Files</Filter>
    </ClCompile>
  </ItemGroup>
  <ItemGroup>
    <ClInclude Include="commit_scp_emulator.h">
      <Filter>Header Files</Filter>
    </ClInclude>
    <ClInclude Include="commitment.h">
      <Filter>Header Files</Filter>
    </ClInclude>
    <ClInclude Include="emulator.h">
      <Filter>Header Files</Filter>
    </ClInclude>
    <ClInclude Include="image_display_file.h">
      <Filter>Header Files</Filter>
    </ClInclude>
    <ClInclude Include="imagedisplay_parse.cpp.h">
      <Filter>Header Files</Filter>
    </ClInclude>
    <ClInclude Include="mpps_scp_emulator.h">
      <Filter>Header Files</Filter>
    </ClInclude>
    <ClInclude Include="print.h">
      <Filter>Header Files</Filter>
    </ClInclude>
    <ClInclude Include="print_emulator.h">
      <Filter>Header Files</Filter>
    </ClInclude>
    <ClInclude Include="qr_scp_emulator.h">
      <Filter>Header Files</Filter>
    </ClInclude>
    <ClInclude Include="storage_emulator.h">
      <Filter>Header Files</Filter>
    </ClInclude>
    <ClInclude Include="storage_scu_emulator.h">
      <Filter>Header Files</Filter>
    </ClInclude>
    <ClInclude Include="worklist_scp_emulator.h">
      <Filter>Header Files</Filter>
    </ClInclude>
  </ItemGroup>
  <ItemGroup>
    <CustomBuild Include="imagedisplay_parse.y" />
  </ItemGroup>
  <ItemGroup>
    <None Include="imagedisplay_lex.l" />
  </ItemGroup>
</Project>