
Microsoft Visual Studio Solution File, Format Version 9.00
# Visual Studio 2005
Project("{FAE04EC0-301F-11D3-BF4B-00C04F79EFBC}") = "DVTk High Level Interface", "DVTk High Level Interface.csproj", "{4B34D6B9-D185-4742-A204-70C490500754}"
EndProject
Project("{FAE04EC0-301F-11D3-BF4B-00C04F79EFBC}") = "DVTk High Level Interface - NUnit Tests", "NUnit Tests\DVTk High Level Interface - NUnit Tests.csproj", "{226921D5-F9C5-4441-A92D-495D296685FA}"
EndProject
Global
	GlobalSection(SolutionConfigurationPlatforms) = preSolution
		Debug|Any CPU = Debug|Any CPU
		Release|Any CPU = Release|Any CPU
	EndGlobalSection
	GlobalSection(ProjectConfigurationPlatforms) = postSolution
		{4B34D6B9-D185-4742-A204-70C490500754}.Debug|Any CPU.ActiveCfg = Debug|x86
		{4B34D6B9-D185-4742-A204-70C490500754}.Debug|Any CPU.Build.0 = Debug|x86
		{4B34D6B9-D185-4742-A204-70C490500754}.Release|Any CPU.ActiveCfg = Release|x86
		{4B34D6B9-D185-4742-A204-70C490500754}.Release|Any CPU.Build.0 = Release|x86
		{226921D5-F9C5-4441-A92D-495D296685FA}.Debug|Any CPU.ActiveCfg = Debug|x86
		{226921D5-F9C5-4441-A92D-495D296685FA}.Debug|Any CPU.Build.0 = Debug|x86
		{226921D5-F9C5-4441-A92D-495D296685FA}.Release|Any CPU.ActiveCfg = Release|x86
		{226921D5-F9C5-4441-A92D-495D296685FA}.Release|Any CPU.Build.0 = Release|x86
	EndGlobalSection
	GlobalSection(SolutionProperties) = preSolution
		HideSolutionNode = FALSE
	EndGlobalSection
EndGlobal
