
Microsoft Visual Studio Solution File, Format Version 9.00
# Visual Studio 2005
Project("{FAE04EC0-301F-11D3-BF4B-00C04F79EFBC}") = "DefinitionFilesRenamer", "DefinitionFilesRenamer\DefinitionFilesRenamer.csproj", "{B2B81586-5776-437F-9BA3-381EE5558257}"
EndProject
Global
	GlobalSection(SolutionConfigurationPlatforms) = preSolution
		Debug|Any CPU = Debug|Any CPU
		Release|Any CPU = Release|Any CPU
	EndGlobalSection
	GlobalSection(ProjectConfigurationPlatforms) = postSolution
		{B2B81586-5776-437F-9BA3-381EE5558257}.Debug|Any CPU.ActiveCfg = Debug|Any CPU
		{B2B81586-5776-437F-9BA3-381EE5558257}.Debug|Any CPU.Build.0 = Debug|Any CPU
		{B2B81586-5776-437F-9BA3-381EE5558257}.Release|Any CPU.ActiveCfg = Release|Any CPU
		{B2B81586-5776-437F-9BA3-381EE5558257}.Release|Any CPU.Build.0 = Release|Any CPU
	EndGlobalSection
	GlobalSection(SolutionProperties) = preSolution
		HideSolutionNode = FALSE
	EndGlobalSection
EndGlobal
