
Microsoft Visual Studio Solution File, Format Version 12.00
# Visual Studio Version 17
VisualStudioVersion = 17.6.33815.320
MinimumVisualStudioVersion = 10.0.40219.1
Project("{8BC9CEB8-8B4A-11D0-8D11-00A0C91BC942}") = "DVTkManagedCodeAdapter", "..\DVTkManagedCodeAdapter\DVTkManagedCodeAdapter.vcproj", "{8E50A389-C478-4013-817D-8191C994B602}"
EndProject
Project("{FAE04EC0-301F-11D3-BF4B-00C04F79EFBC}") = "DVTk", "DVTk.csproj", "{DBC39A1E-18CB-4809-81E0-47B1C899BBE0}"
EndProject
Project("{FAE04EC0-301F-11D3-BF4B-00C04F79EFBC}") = "DVTK - NUnit Tests", "NUnit Tests\DVTK - NUnit Tests.csproj", "{5B8DF88E-76E6-45E8-B69A-DDC4CA41B2A3}"
EndProject
Global
	GlobalSection(SolutionConfigurationPlatforms) = preSolution
		Debug|Any CPU = Debug|Any CPU
		Debug|Mixed Platforms = Debug|Mixed Platforms
		Debug|Win32 = Debug|Win32
		Release|Any CPU = Release|Any CPU
		Release|Mixed Platforms = Release|Mixed Platforms
		Release|Win32 = Release|Win32
	EndGlobalSection
	GlobalSection(ProjectConfigurationPlatforms) = postSolution
		{8E50A389-C478-4013-817D-8191C994B602}.Debug|Any CPU.ActiveCfg = Debug|Win32
		{8E50A389-C478-4013-817D-8191C994B602}.Debug|Mixed Platforms.ActiveCfg = Debug|Win32
		{8E50A389-C478-4013-817D-8191C994B602}.Debug|Mixed Platforms.Build.0 = Debug|Win32
		{8E50A389-C478-4013-817D-8191C994B602}.Debug|Win32.ActiveCfg = Debug|Win32
		{8E50A389-C478-4013-817D-8191C994B602}.Debug|Win32.Build.0 = Debug|Win32
		{8E50A389-C478-4013-817D-8191C994B602}.Release|Any CPU.ActiveCfg = Release|Win32
		{8E50A389-C478-4013-817D-8191C994B602}.Release|Mixed Platforms.ActiveCfg = Release|Win32
		{8E50A389-C478-4013-817D-8191C994B602}.Release|Mixed Platforms.Build.0 = Release|Win32
		{8E50A389-C478-4013-817D-8191C994B602}.Release|Win32.ActiveCfg = Release|Win32
		{8E50A389-C478-4013-817D-8191C994B602}.Release|Win32.Build.0 = Release|Win32
		{DBC39A1E-18CB-4809-81E0-47B1C899BBE0}.Debug|Any CPU.ActiveCfg = Debug|Any CPU
		{DBC39A1E-18CB-4809-81E0-47B1C899BBE0}.Debug|Any CPU.Build.0 = Debug|Any CPU
		{DBC39A1E-18CB-4809-81E0-47B1C899BBE0}.Debug|Mixed Platforms.ActiveCfg = Debug|x86
		{DBC39A1E-18CB-4809-81E0-47B1C899BBE0}.Debug|Mixed Platforms.Build.0 = Debug|x86
		{DBC39A1E-18CB-4809-81E0-47B1C899BBE0}.Debug|Win32.ActiveCfg = Debug|Any CPU
		{DBC39A1E-18CB-4809-81E0-47B1C899BBE0}.Release|Any CPU.ActiveCfg = Release|Any CPU
		{DBC39A1E-18CB-4809-81E0-47B1C899BBE0}.Release|Any CPU.Build.0 = Release|Any CPU
		{DBC39A1E-18CB-4809-81E0-47B1C899BBE0}.Release|Mixed Platforms.ActiveCfg = Release|x86
		{DBC39A1E-18CB-4809-81E0-47B1C899BBE0}.Release|Mixed Platforms.Build.0 = Release|x86
		{DBC39A1E-18CB-4809-81E0-47B1C899BBE0}.Release|Win32.ActiveCfg = Release|Any CPU
		{5B8DF88E-76E6-45E8-B69A-DDC4CA41B2A3}.Debug|Any CPU.ActiveCfg = Debug|Any CPU
		{5B8DF88E-76E6-45E8-B69A-DDC4CA41B2A3}.Debug|Any CPU.Build.0 = Debug|Any CPU
		{5B8DF88E-76E6-45E8-B69A-DDC4CA41B2A3}.Debug|Mixed Platforms.ActiveCfg = Debug|x86
		{5B8DF88E-76E6-45E8-B69A-DDC4CA41B2A3}.Debug|Mixed Platforms.Build.0 = Debug|x86
		{5B8DF88E-76E6-45E8-B69A-DDC4CA41B2A3}.Debug|Win32.ActiveCfg = Debug|Any CPU
		{5B8DF88E-76E6-45E8-B69A-DDC4CA41B2A3}.Release|Any CPU.ActiveCfg = Release|Any CPU
		{5B8DF88E-76E6-45E8-B69A-DDC4CA41B2A3}.Release|Any CPU.Build.0 = Release|Any CPU
		{5B8DF88E-76E6-45E8-B69A-DDC4CA41B2A3}.Release|Mixed Platforms.ActiveCfg = Release|x86
		{5B8DF88E-76E6-45E8-B69A-DDC4CA41B2A3}.Release|Mixed Platforms.Build.0 = Release|x86
		{5B8DF88E-76E6-45E8-B69A-DDC4CA41B2A3}.Release|Win32.ActiveCfg = Release|Any CPU
	EndGlobalSection
	GlobalSection(SolutionProperties) = preSolution
		HideSolutionNode = FALSE
	EndGlobalSection
	GlobalSection(ExtensibilityGlobals) = postSolution
		SolutionGuid = {2C444431-719C-46FC-8518-A6A63C8CC1BA}
	EndGlobalSection
EndGlobal
