<?xml version="1.0" encoding="utf-8"?>
<Project ToolsVersion="4.0" xmlns="http://schemas.microsoft.com/developer/msbuild/2003">
  <ItemGroup>
    <Filter Include="Source Files">
      <UniqueIdentifier>{5d48763a-baed-4e78-b8b1-5a3885548c9a}</UniqueIdentifier>
      <Extensions>cpp;c;cxx;rc;def;r;odl;idl;hpj;bat</Extensions>
    </Filter>
    <Filter Include="Header Files">
      <UniqueIdentifier>{9f2492f6-b109-426a-a2ca-96a8eefb2720}</UniqueIdentifier>
      <Extensions>h;hpp;hxx;hm;inl</Extensions>
    </Filter>
  </ItemGroup>
  <ItemGroup>
    <ClCompile Include="patient_data.cpp">
      <Filter>Source Files</Filter>
    </ClCompile>
    <ClCompile Include="patient_list.cpp">
      <Filter>Source Files</Filter>
    </ClCompile>
    <ClCompile Include="relation.cpp">
      <Filter>Source Files</Filter>
    </ClCompile>
    <ClCompile Include="series_data.cpp">
      <Filter>Source Files</Filter>
    </ClCompile>
    <ClCompile Include="sop_instance_data.cpp">
      <Filter>Source Files</Filter>
    </ClCompile>
    <ClCompile Include="stored_sop_instance.cpp">
      <Filter>Source Files</Filter>
    </ClCompile>
    <ClCompile Include="stored_sop_list.cpp">
      <Filter>Source Files</Filter>
    </ClCompile>
    <ClCompile Include="study_data.cpp">
      <Filter>Source Files</Filter>
    </ClCompile>
  </ItemGroup>
  <ItemGroup>
    <ClInclude Include="patient_data.h">
      <Filter>Header Files</Filter>
    </ClInclude>
    <ClInclude Include="patient_list.h">
      <Filter>Header Files</Filter>
    </ClInclude>
    <ClInclude Include="relation.h">
      <Filter>Header Files</Filter>
    </ClInclude>
    <ClInclude Include="series_data.h">
      <Filter>Header Files</Filter>
    </ClInclude>
    <ClInclude Include="sop_instance_data.h">
      <Filter>Header Files</Filter>
    </ClInclude>
    <ClInclude Include="stored_sop_instance.h">
      <Filter>Header Files</Filter>
    </ClInclude>
    <ClInclude Include="stored_sop_list.h">
      <Filter>Header Files</Filter>
    </ClInclude>
    <ClInclude Include="study_data.h">
      <Filter>Header Files</Filter>
    </ClInclude>
  </ItemGroup>
</Project>