<?xml version="1.0" encoding="utf-8"?>
<Project ToolsVersion="4.0" xmlns="http://schemas.microsoft.com/developer/msbuild/2003">
  <ItemGroup>
    <Filter Include="Source Files">
      <UniqueIdentifier>{4997bfe8-ebbe-44a5-8ffe-1194b17902fe}</UniqueIdentifier>
      <Extensions>cpp;c;cxx;rc;def;r;odl;idl;hpj;bat</Extensions>
    </Filter>
    <Filter Include="Header Files">
      <UniqueIdentifier>{0cd860cd-1d3a-4886-a9b6-02878423082c}</UniqueIdentifier>
      <Extensions>h;hpp;hxx;hm;inl</Extensions>
    </Filter>
  </ItemGroup>
  <ItemGroup>
    <ClCompile Include="ACSE_ab_reason.cpp">
      <Filter>Source Files</Filter>
    </ClCompile>
    <ClCompile Include="ACSE_ab_source.cpp">
      <Filter>Source Files</Filter>
    </ClCompile>
    <ClCompile Include="ACSE_abort_request_validator.cpp">
      <Filter>Source Files</Filter>
    </ClCompile>
    <ClCompile Include="ACSE_ac_result.cpp">
      <Filter>Source Files</Filter>
    </ClCompile>
    <ClCompile Include="ACSE_ae_title.cpp">
      <Filter>Source Files</Filter>
    </ClCompile>
    <ClCompile Include="ACSE_appl_ctx_name.cpp">
      <Filter>Source Files</Filter>
    </ClCompile>
    <ClCompile Include="ACSE_associate_accept_validator.cpp">
      <Filter>Source Files</Filter>
    </ClCompile>
    <ClCompile Include="ACSE_associate_reject_validator.cpp">
      <Filter>Source Files</Filter>
    </ClCompile>
    <ClCompile Include="ACSE_associate_request_validator.cpp">
      <Filter>Source Files</Filter>
    </ClCompile>
    <ClCompile Include="ACSE_async_operation_window_validator.cpp">
      <Filter>Source Files</Filter>
    </ClCompile>
    <ClCompile Include="ACSE_byte.cpp">
      <Filter>Source Files</Filter>
    </ClCompile>
    <ClCompile Include="ACSE_implementation_version_name.cpp">
      <Filter>Source Files</Filter>
    </ClCompile>
    <ClCompile Include="ACSE_maximum_length_received.cpp">
      <Filter>Source Files</Filter>
    </ClCompile>
    <ClCompile Include="ACSE_operation.cpp">
      <Filter>Source Files</Filter>
    </ClCompile>
    <ClCompile Include="ACSE_parameter.cpp">
      <Filter>Source Files</Filter>
    </ClCompile>
    <ClCompile Include="ACSE_pc_id.cpp">
      <Filter>Source Files</Filter>
    </ClCompile>
    <ClCompile Include="ACSE_positive_response_requested.cpp">
      <Filter>Source Files</Filter>
    </ClCompile>
    <ClCompile Include="ACSE_presentation_context_ac_validator.cpp">
      <Filter>Source Files</Filter>
    </ClCompile>
    <ClCompile Include="ACSE_presentation_context_rq_validator.cpp">
      <Filter>Source Files</Filter>
    </ClCompile>
    <ClCompile Include="ACSE_primary_field.cpp">
      <Filter>Source Files</Filter>
    </ClCompile>
    <ClCompile Include="ACSE_properties.cpp">
      <Filter>Source Files</Filter>
    </ClCompile>
    <ClCompile Include="ACSE_protocol_version.cpp">
      <Filter>Source Files</Filter>
    </ClCompile>
    <ClCompile Include="ACSE_release_request_validator.cpp">
      <Filter>Source Files</Filter>
    </ClCompile>
    <ClCompile Include="ACSE_release_response_validator.cpp">
      <Filter>Source Files</Filter>
    </ClCompile>
    <ClCompile Include="ACSE_rj_reason.cpp">
      <Filter>Source Files</Filter>
    </ClCompile>
    <ClCompile Include="ACSE_rj_result.cpp">
      <Filter>Source Files</Filter>
    </ClCompile>
    <ClCompile Include="ACSE_rj_source.cpp">
      <Filter>Source Files</Filter>
    </ClCompile>
    <ClCompile Include="ACSE_role.cpp">
      <Filter>Source Files</Filter>
    </ClCompile>
    <ClCompile Include="ACSE_scp_scu_role_select_validator.cpp">
      <Filter>Source Files</Filter>
    </ClCompile>
    <ClCompile Include="ACSE_secondary_field.cpp">
      <Filter>Source Files</Filter>
    </ClCompile>
    <ClCompile Include="ACSE_server_response.cpp">
      <Filter>Source Files</Filter>
    </ClCompile>
    <ClCompile Include="ACSE_sop_class_extended_validator.cpp">
      <Filter>Source Files</Filter>
    </ClCompile>
    <ClCompile Include="ACSE_uid.cpp">
      <Filter>Source Files</Filter>
    </ClCompile>
    <ClCompile Include="ACSE_user_identity_negotiation_validator.cpp">
      <Filter>Source Files</Filter>
    </ClCompile>
    <ClCompile Include="ACSE_user_identity_type.cpp">
      <Filter>Source Files</Filter>
    </ClCompile>
    <ClCompile Include="ACSE_user_information_validator.cpp">
      <Filter>Source Files</Filter>
    </ClCompile>
    <ClCompile Include="media_validator.cpp">
      <Filter>Source Files</Filter>
    </ClCompile>
    <ClCompile Include="MediaValidationFilter.cpp">
      <Filter>Source Files</Filter>
    </ClCompile>
    <ClCompile Include="qr_validator.cpp">
      <Filter>Source Files</Filter>
    </ClCompile>
    <ClCompile Include="record_link.cpp">
      <Filter>Source Files</Filter>
    </ClCompile>
    <ClCompile Include="record_results.cpp">
      <Filter>Source Files</Filter>
    </ClCompile>
    <ClCompile Include="record_types.cpp">
      <Filter>Source Files</Filter>
    </ClCompile>
    <ClCompile Include="record_uid.cpp">
      <Filter>Source Files</Filter>
    </ClCompile>
    <ClCompile Include="uid_defining.cpp">
      <Filter>Source Files</Filter>
    </ClCompile>
    <ClCompile Include="uid_ref.cpp">
      <Filter>Source Files</Filter>
    </ClCompile>
    <ClCompile Include="uid_referring.cpp">
      <Filter>Source Files</Filter>
    </ClCompile>
    <ClCompile Include="val_attribute.cpp">
      <Filter>Source Files</Filter>
    </ClCompile>
    <ClCompile Include="val_attribute_group.cpp">
      <Filter>Source Files</Filter>
    </ClCompile>
    <ClCompile Include="val_base_value.cpp">
      <Filter>Source Files</Filter>
    </ClCompile>
    <ClCompile Include="val_object_results.cpp">
      <Filter>Source Files</Filter>
    </ClCompile>
    <ClCompile Include="val_value_sq.cpp">
      <Filter>Source Files</Filter>
    </ClCompile>
    <ClCompile Include="valdefinitions.cpp">
      <Filter>Source Files</Filter>
    </ClCompile>
    <ClCompile Include="ValidationEngine.cpp">
      <Filter>Source Files</Filter>
    </ClCompile>
    <ClCompile Include="validator.cpp">
      <Filter>Source Files</Filter>
    </ClCompile>
    <ClCompile Include="valrules.cpp">
      <Filter>Source Files</Filter>
    </ClCompile>
  </ItemGroup>
  <ItemGroup>
    <ClInclude Include="ACSE_ab_reason.h">
      <Filter>Header Files</Filter>
    </ClInclude>
    <ClInclude Include="ACSE_ab_source.h">
      <Filter>Header Files</Filter>
    </ClInclude>
    <ClInclude Include="ACSE_abort_request_validator.h">
      <Filter>Header Files</Filter>
    </ClInclude>
    <ClInclude Include="ACSE_ac_result.h">
      <Filter>Header Files</Filter>
    </ClInclude>
    <ClInclude Include="ACSE_ae_title.h">
      <Filter>Header Files</Filter>
    </ClInclude>
    <ClInclude Include="ACSE_appl_ctx_name.h">
      <Filter>Header Files</Filter>
    </ClInclude>
    <ClInclude Include="ACSE_associate_accept_validator.h">
      <Filter>Header Files</Filter>
    </ClInclude>
    <ClInclude Include="ACSE_associate_reject_validator.h">
      <Filter>Header Files</Filter>
    </ClInclude>
    <ClInclude Include="ACSE_associate_request_validator.h">
      <Filter>Header Files</Filter>
    </ClInclude>
    <ClInclude Include="ACSE_async_operation_window_validator.h">
      <Filter>Header Files</Filter>
    </ClInclude>
    <ClInclude Include="ACSE_byte.h">
      <Filter>Header Files</Filter>
    </ClInclude>
    <ClInclude Include="ACSE_implementation_version_name.h">
      <Filter>Header Files</Filter>
    </ClInclude>
    <ClInclude Include="ACSE_maximum_length_received.h">
      <Filter>Header Files</Filter>
    </ClInclude>
    <ClInclude Include="ACSE_operation.h">
      <Filter>Header Files</Filter>
    </ClInclude>
    <ClInclude Include="ACSE_parameter.h">
      <Filter>Header Files</Filter>
    </ClInclude>
    <ClInclude Include="ACSE_pc_id.h">
      <Filter>Header Files</Filter>
    </ClInclude>
    <ClInclude Include="ACSE_positive_response_requested.h">
      <Filter>Header Files</Filter>
    </ClInclude>
    <ClInclude Include="ACSE_presentation_context_ac_validator.h">
      <Filter>Header Files</Filter>
    </ClInclude>
    <ClInclude Include="ACSE_presentation_context_rq_validator.h">
      <Filter>Header Files</Filter>
    </ClInclude>
    <ClInclude Include="ACSE_primary_field.h">
      <Filter>Header Files</Filter>
    </ClInclude>
    <ClInclude Include="ACSE_properties.h">
      <Filter>Header Files</Filter>
    </ClInclude>
    <ClInclude Include="ACSE_protocol_version.h">
      <Filter>Header Files</Filter>
    </ClInclude>
    <ClInclude Include="ACSE_release_request_validator.h">
      <Filter>Header Files</Filter>
    </ClInclude>
    <ClInclude Include="ACSE_release_response_validator.h">
      <Filter>Header Files</Filter>
    </ClInclude>
    <ClInclude Include="ACSE_rj_reason.h">
      <Filter>Header Files</Filter>
    </ClInclude>
    <ClInclude Include="ACSE_rj_result.h">
      <Filter>Header Files</Filter>
    </ClInclude>
    <ClInclude Include="ACSE_rj_source.h">
      <Filter>Header Files</Filter>
    </ClInclude>
    <ClInclude Include="ACSE_role.h">
      <Filter>Header Files</Filter>
    </ClInclude>
    <ClInclude Include="ACSE_scp_scu_role_select_validator.h">
      <Filter>Header Files</Filter>
    </ClInclude>
    <ClInclude Include="ACSE_secondary_field.h">
      <Filter>Header Files</Filter>
    </ClInclude>
    <ClInclude Include="ACSE_server_response.h">
      <Filter>Header Files</Filter>
    </ClInclude>
    <ClInclude Include="ACSE_sop_class_extended_validator.h">
      <Filter>Header Files</Filter>
    </ClInclude>
    <ClInclude Include="ACSE_uid.h">
      <Filter>Header Files</Filter>
    </ClInclude>
    <ClInclude Include="ACSE_user_identity_negotiation_validator.h">
      <Filter>Header Files</Filter>
    </ClInclude>
    <ClInclude Include="ACSE_user_identity_type.h">
      <Filter>Header Files</Filter>
    </ClInclude>
    <ClInclude Include="ACSE_user_information_validator.h">
      <Filter>Header Files</Filter>
    </ClInclude>
    <ClInclude Include="media_validator.h">
      <Filter>Header Files</Filter>
    </ClInclude>
    <ClInclude Include="MediaValidationFilter.h">
      <Filter>Header Files</Filter>
    </ClInclude>
    <ClInclude Include="qr_validator.h">
      <Filter>Header Files</Filter>
    </ClInclude>
    <ClInclude Include="record_link.h">
      <Filter>Header Files</Filter>
    </ClInclude>
    <ClInclude Include="record_results.h">
      <Filter>Header Files</Filter>
    </ClInclude>
    <ClInclude Include="record_types.h">
      <Filter>Header Files</Filter>
    </ClInclude>
    <ClInclude Include="record_uid.h">
      <Filter>Header Files</Filter>
    </ClInclude>
    <ClInclude Include="uid_defining.h">
      <Filter>Header Files</Filter>
    </ClInclude>
    <ClInclude Include="uid_ref.h">
      <Filter>Header Files</Filter>
    </ClInclude>
    <ClInclude Include="uid_referring.h">
      <Filter>Header Files</Filter>
    </ClInclude>
    <ClInclude Include="val_attribute.h">
      <Filter>Header Files</Filter>
    </ClInclude>
    <ClInclude Include="val_attribute_group.h">
      <Filter>Header Files</Filter>
    </ClInclude>
    <ClInclude Include="val_base_value.h">
      <Filter>Header Files</Filter>
    </ClInclude>
    <ClInclude Include="val_object_results.h">
      <Filter>Header Files</Filter>
    </ClInclude>
    <ClInclude Include="val_value_sq.h">
      <Filter>Header Files</Filter>
    </ClInclude>
    <ClInclude Include="valdefinitions.h">
      <Filter>Header Files</Filter>
    </ClInclude>
    <ClInclude Include="ValidationEngine.h">
      <Filter>Header Files</Filter>
    </ClInclude>
    <ClInclude Include="validator.h">
      <Filter>Header Files</Filter>
    </ClInclude>
    <ClInclude Include="valrules.h">
      <Filter>Header Files</Filter>
    </ClInclude>
  </ItemGroup>
</Project>